// !$*UTF8*$!
{
	archiveVersion = 1;
	classes = {
	};
	objectVersion = 46;
	objects = {

/* Begin PBXBuildFile section */
		46347BB6D579847F88790F48 /* libPods-ZTLife.a in Frameworks */ = {isa = PBXBuildFile; fileRef = 5DCB3B1B3CC0102F09799440 /* libPods-ZTLife.a */; };
		7B0F571F1F8CB40500981B9A /* HttpAPIManager.m in Sources */ = {isa = PBXBuildFile; fileRef = 7B0F571C1F8CB40500981B9A /* HttpAPIManager.m */; };
		7B0F57201F8CB40500981B9A /* YYRequest.m in Sources */ = {isa = PBXBuildFile; fileRef = 7B0F571E1F8CB40500981B9A /* YYRequest.m */; };
		7B0F574B1F8CB4E400981B9A /* LoginViewController.m in Sources */ = {isa = PBXBuildFile; fileRef = 7B0F572F1F8CB4E400981B9A /* LoginViewController.m */; };
		7B0F574C1F8CB4E400981B9A /* LoginViewController.xib in Resources */ = {isa = PBXBuildFile; fileRef = 7B0F57301F8CB4E400981B9A /* LoginViewController.xib */; };
		7B0F57551F8CB4E400981B9A /* LoginHttpManager.m in Sources */ = {isa = PBXBuildFile; fileRef = 7B0F573F1F8CB4E400981B9A /* LoginHttpManager.m */; };
		7B0F57561F8CB4E400981B9A /* LogindataModel.m in Sources */ = {isa = PBXBuildFile; fileRef = 7B0F57421F8CB4E400981B9A /* LogindataModel.m */; };
		7B0F57571F8CB4E400981B9A /* RegisterHeadCell.m in Sources */ = {isa = PBXBuildFile; fileRef = 7B0F57451F8CB4E400981B9A /* RegisterHeadCell.m */; };
		7B0F57581F8CB4E400981B9A /* RegisterHeadCell.xib in Resources */ = {isa = PBXBuildFile; fileRef = 7B0F57461F8CB4E400981B9A /* RegisterHeadCell.xib */; };
		7B0F590B1F8CB77B00981B9A /* BaseViewController.m in Sources */ = {isa = PBXBuildFile; fileRef = 7B0F590A1F8CB77B00981B9A /* BaseViewController.m */; };
		7B0F590E1F8CB90200981B9A /* BaseNavigationController.m in Sources */ = {isa = PBXBuildFile; fileRef = 7B0F590D1F8CB90200981B9A /* BaseNavigationController.m */; };
		7B0F59251F8CB99700981B9A /* EJVerticalButton.m in Sources */ = {isa = PBXBuildFile; fileRef = 7B0F59141F8CB99700981B9A /* EJVerticalButton.m */; };
		7B0F59271F8CB99700981B9A /* Tools.m in Sources */ = {isa = PBXBuildFile; fileRef = 7B0F59191F8CB99700981B9A /* Tools.m */; };
		7B0F59281F8CB99700981B9A /* TTTAttributeLabelView.m in Sources */ = {isa = PBXBuildFile; fileRef = 7B0F591B1F8CB99700981B9A /* TTTAttributeLabelView.m */; };
		7B0F59291F8CB99700981B9A /* UIImage+Size.m in Sources */ = {isa = PBXBuildFile; fileRef = 7B0F591D1F8CB99700981B9A /* UIImage+Size.m */; };
		7B0F592A1F8CB99700981B9A /* UIViewExt.m in Sources */ = {isa = PBXBuildFile; fileRef = 7B0F591F1F8CB99700981B9A /* UIViewExt.m */; };
		7B0F592B1F8CB99700981B9A /* unLoginVCList.plist in Resources */ = {isa = PBXBuildFile; fileRef = 7B0F59201F8CB99700981B9A /* unLoginVCList.plist */; };
		7B0F592C1F8CB99700981B9A /* UserInfoManager.m in Sources */ = {isa = PBXBuildFile; fileRef = 7B0F59221F8CB99700981B9A /* UserInfoManager.m */; };
		7B0F592D1F8CB99700981B9A /* ZTKeyBoardManager.m in Sources */ = {isa = PBXBuildFile; fileRef = 7B0F59241F8CB99700981B9A /* ZTKeyBoardManager.m */; };
		7B0F59311F8CBAA300981B9A /* RegularTool.m in Sources */ = {isa = PBXBuildFile; fileRef = 7B0F59301F8CBAA300981B9A /* RegularTool.m */; };
		7B0F593A1F8CBB2800981B9A /* getUUID.m in Sources */ = {isa = PBXBuildFile; fileRef = 7B0F59371F8CBB2800981B9A /* getUUID.m */; };
		7B0F593B1F8CBB2800981B9A /* KeyChainStore.m in Sources */ = {isa = PBXBuildFile; fileRef = 7B0F59391F8CBB2800981B9A /* KeyChainStore.m */; };
		7B0F593E1F8CC76600981B9A /* Main.storyboard in Resources */ = {isa = PBXBuildFile; fileRef = 7B0F593C1F8CC76600981B9A /* Main.storyboard */; };
		7B1A86481F8DC0A5005A93D6 /* image.png in Resources */ = {isa = PBXBuildFile; fileRef = 7B1A86461F8DC0A5005A93D6 /* image.png */; };
		7B1A86491F8DC0A5005A93D6 /* 隐藏密码@2x.png in Resources */ = {isa = PBXBuildFile; fileRef = 7B1A86471F8DC0A5005A93D6 /* 隐藏密码@2x.png */; };
		7B1A864C1F8DC0CC005A93D6 /* PushManager.m in Sources */ = {isa = PBXBuildFile; fileRef = 7B1A864B1F8DC0CC005A93D6 /* PushManager.m */; };
		7B1A864F1F8DC10F005A93D6 /* BaseTabbarController.m in Sources */ = {isa = PBXBuildFile; fileRef = 7B1A864E1F8DC10F005A93D6 /* BaseTabbarController.m */; };
		7B1A86531F8DC160005A93D6 /* RegisterOneController.m in Sources */ = {isa = PBXBuildFile; fileRef = 7B1A86511F8DC160005A93D6 /* RegisterOneController.m */; };
		7B1A86541F8DC160005A93D6 /* RegisterOneController.xib in Resources */ = {isa = PBXBuildFile; fileRef = 7B1A86521F8DC160005A93D6 /* RegisterOneController.xib */; };
		7B1A86571F8DC197005A93D6 /* 否@3x.png in Resources */ = {isa = PBXBuildFile; fileRef = 7B1A86551F8DC197005A93D6 /* 否@3x.png */; };
		7B1A86581F8DC197005A93D6 /* 是@3x.png in Resources */ = {isa = PBXBuildFile; fileRef = 7B1A86561F8DC197005A93D6 /* 是@3x.png */; };
		7B1A881F1F8DC553005A93D6 /* nav_back@2x.png in Resources */ = {isa = PBXBuildFile; fileRef = 7B1A881E1F8DC553005A93D6 /* nav_back@2x.png */; };
		7B1A88231F8DC73E005A93D6 /* RegisterTwoController.m in Sources */ = {isa = PBXBuildFile; fileRef = 7B1A88211F8DC73E005A93D6 /* RegisterTwoController.m */; };
		7B1A88241F8DC73E005A93D6 /* RegisterTwoController.xib in Resources */ = {isa = PBXBuildFile; fileRef = 7B1A88221F8DC73E005A93D6 /* RegisterTwoController.xib */; };
		7B1A88281F8DC838005A93D6 /* RegisterThreeController.m in Sources */ = {isa = PBXBuildFile; fileRef = 7B1A88261F8DC838005A93D6 /* RegisterThreeController.m */; };
		7B1A88291F8DC838005A93D6 /* RegisterThreeController.xib in Resources */ = {isa = PBXBuildFile; fileRef = 7B1A88271F8DC838005A93D6 /* RegisterThreeController.xib */; };
		7B1A882D1F8DC929005A93D6 /* RegisterFourController.m in Sources */ = {isa = PBXBuildFile; fileRef = 7B1A882B1F8DC929005A93D6 /* RegisterFourController.m */; };
		7B1A882E1F8DC929005A93D6 /* RegisterFourController.xib in Resources */ = {isa = PBXBuildFile; fileRef = 7B1A882C1F8DC929005A93D6 /* RegisterFourController.xib */; };
		7B1A88341F8DC9C9005A93D6 /* AlertViewController.m in Sources */ = {isa = PBXBuildFile; fileRef = 7B1A88311F8DC9C9005A93D6 /* AlertViewController.m */; };
		7B1A88351F8DC9C9005A93D6 /* HHAlertView.m in Sources */ = {isa = PBXBuildFile; fileRef = 7B1A88331F8DC9C9005A93D6 /* HHAlertView.m */; };
		7B1A88391F8DC9D0005A93D6 /* SQCustomButton.m in Sources */ = {isa = PBXBuildFile; fileRef = 7B1A88381F8DC9D0005A93D6 /* SQCustomButton.m */; };
		7B1A88561F8DCBA6005A93D6 /* ButtonGroupView.m in Sources */ = {isa = PBXBuildFile; fileRef = 7B1A883C1F8DCBA6005A93D6 /* ButtonGroupView.m */; };
		7B1A88571F8DCBA6005A93D6 /* CityButton.m in Sources */ = {isa = PBXBuildFile; fileRef = 7B1A883E1F8DCBA6005A93D6 /* CityButton.m */; };
		7B1A88581F8DCBA6005A93D6 /* citydict.plist in Resources */ = {isa = PBXBuildFile; fileRef = 7B1A883F1F8DCBA6005A93D6 /* citydict.plist */; };
		7B1A88591F8DCBA6005A93D6 /* CityItem.m in Sources */ = {isa = PBXBuildFile; fileRef = 7B1A88411F8DCBA6005A93D6 /* CityItem.m */; };
		7B1A885A1F8DCBA6005A93D6 /* CityListViewController.m in Sources */ = {isa = PBXBuildFile; fileRef = 7B1A88431F8DCBA6005A93D6 /* CityListViewController.m */; };
		7B1A885B1F8DCBA6005A93D6 /* ChineseInclude.m in Sources */ = {isa = PBXBuildFile; fileRef = 7B1A88461F8DCBA6005A93D6 /* ChineseInclude.m */; };
		7B1A885C1F8DCBA6005A93D6 /* ChineseToPinyinResource.m in Sources */ = {isa = PBXBuildFile; fileRef = 7B1A88481F8DCBA6005A93D6 /* ChineseToPinyinResource.m */; };
		7B1A885D1F8DCBA6005A93D6 /* HanyuPinyinOutputFormat.m in Sources */ = {isa = PBXBuildFile; fileRef = 7B1A884A1F8DCBA6005A93D6 /* HanyuPinyinOutputFormat.m */; };
		7B1A885E1F8DCBA6005A93D6 /* NSString+PinYin4Cocoa.m in Sources */ = {isa = PBXBuildFile; fileRef = 7B1A884C1F8DCBA6005A93D6 /* NSString+PinYin4Cocoa.m */; };
		7B1A885F1F8DCBA6005A93D6 /* PinyinFormatter.m in Sources */ = {isa = PBXBuildFile; fileRef = 7B1A884E1F8DCBA6005A93D6 /* PinyinFormatter.m */; };
		7B1A88601F8DCBA6005A93D6 /* PinYinForObjc.m in Sources */ = {isa = PBXBuildFile; fileRef = 7B1A88501F8DCBA6005A93D6 /* PinYinForObjc.m */; };
		7B1A88611F8DCBA6005A93D6 /* PinyinHelper.m in Sources */ = {isa = PBXBuildFile; fileRef = 7B1A88521F8DCBA6005A93D6 /* PinyinHelper.m */; };
		7B1A88621F8DCBA6005A93D6 /* unicode_to_hanyu_pinyin.txt in Resources */ = {isa = PBXBuildFile; fileRef = 7B1A88531F8DCBA6005A93D6 /* unicode_to_hanyu_pinyin.txt */; };
		7B1A88631F8DCBA6005A93D6 /* ZYPinYinSearch.m in Sources */ = {isa = PBXBuildFile; fileRef = 7B1A88551F8DCBA6005A93D6 /* ZYPinYinSearch.m */; };
		7B1A88671F8DCD06005A93D6 /* BDImagePicker.m in Sources */ = {isa = PBXBuildFile; fileRef = 7B1A88661F8DCD06005A93D6 /* BDImagePicker.m */; };
		7B1A886E1F8DCDEC005A93D6 /* yj_normal.png in Resources */ = {isa = PBXBuildFile; fileRef = 7B1A886A1F8DCDEC005A93D6 /* yj_normal.png */; };
		7B1A886F1F8DCDEC005A93D6 /* yj_selected.png in Resources */ = {isa = PBXBuildFile; fileRef = 7B1A886B1F8DCDEC005A93D6 /* yj_selected.png */; };
		7B1A88701F8DCDEC005A93D6 /* YJSelectionView.m in Sources */ = {isa = PBXBuildFile; fileRef = 7B1A886D1F8DCDEC005A93D6 /* YJSelectionView.m */; };
		7B1A88791F8DCE49005A93D6 /* UICustomDatePicker.m in Sources */ = {isa = PBXBuildFile; fileRef = 7B1A88771F8DCE49005A93D6 /* UICustomDatePicker.m */; };
		7B1A887A1F8DCE49005A93D6 /* UICustomDatePicker.xib in Resources */ = {isa = PBXBuildFile; fileRef = 7B1A88781F8DCE49005A93D6 /* UICustomDatePicker.xib */; };
		7B6F177E1F8E090D008B1700 /* timg.jpeg in Resources */ = {isa = PBXBuildFile; fileRef = 7B6F177D1F8E090D008B1700 /* timg.jpeg */; };
		7B6F17881F8E1FE4008B1700 /* AddressBookController.m in Sources */ = {isa = PBXBuildFile; fileRef = 7B6F17861F8E1FE4008B1700 /* AddressBookController.m */; };
		7B6F17891F8E1FE4008B1700 /* AddressBookController.xib in Resources */ = {isa = PBXBuildFile; fileRef = 7B6F17871F8E1FE4008B1700 /* AddressBookController.xib */; };
		7B71B97E1F8C6B9500E8BFAC /* main.m in Sources */ = {isa = PBXBuildFile; fileRef = 7B71B97D1F8C6B9500E8BFAC /* main.m */; };
		7B71B9811F8C6B9500E8BFAC /* AppDelegate.m in Sources */ = {isa = PBXBuildFile; fileRef = 7B71B9801F8C6B9500E8BFAC /* AppDelegate.m */; };
		7B71B9841F8C6B9500E8BFAC /* ViewController.m in Sources */ = {isa = PBXBuildFile; fileRef = 7B71B9831F8C6B9500E8BFAC /* ViewController.m */; };
		7B71B9891F8C6B9500E8BFAC /* Assets.xcassets in Resources */ = {isa = PBXBuildFile; fileRef = 7B71B9881F8C6B9500E8BFAC /* Assets.xcassets */; };
		7B71B98C1F8C6B9500E8BFAC /* LaunchScreen.storyboard in Resources */ = {isa = PBXBuildFile; fileRef = 7B71B98A1F8C6B9500E8BFAC /* LaunchScreen.storyboard */; };
		7B71B9971F8C6B9500E8BFAC /* ZTLifeTests.m in Sources */ = {isa = PBXBuildFile; fileRef = 7B71B9961F8C6B9500E8BFAC /* ZTLifeTests.m */; };
		7B71B9A21F8C6B9600E8BFAC /* ZTLifeUITests.m in Sources */ = {isa = PBXBuildFile; fileRef = 7B71B9A11F8C6B9600E8BFAC /* ZTLifeUITests.m */; };
		7B71B9C61F8C732300E8BFAC /* CyhSliderVC.m in Sources */ = {isa = PBXBuildFile; fileRef = 7B71B9C51F8C732300E8BFAC /* CyhSliderVC.m */; };
		7B71B9D11F8C734700E8BFAC /* LeftVc.m in Sources */ = {isa = PBXBuildFile; fileRef = 7B71B9C81F8C734700E8BFAC /* LeftVc.m */; };
		7B71B9D21F8C734700E8BFAC /* MainVC.m in Sources */ = {isa = PBXBuildFile; fileRef = 7B71B9CA1F8C734700E8BFAC /* MainVC.m */; };
		7B71B9D31F8C734700E8BFAC /* MainVC2.m in Sources */ = {isa = PBXBuildFile; fileRef = 7B71B9CC1F8C734700E8BFAC /* MainVC2.m */; };
		7B71B9D41F8C734700E8BFAC /* subVC.m in Sources */ = {isa = PBXBuildFile; fileRef = 7B71B9CE1F8C734700E8BFAC /* subVC.m */; };
		7B71B9D51F8C734700E8BFAC /* tabBarVc.m in Sources */ = {isa = PBXBuildFile; fileRef = 7B71B9D01F8C734700E8BFAC /* tabBarVc.m */; };
		7B7C7D101F8D16A800301B48 /* UIButton+TitleImgEdgeInsets.m in Sources */ = {isa = PBXBuildFile; fileRef = 7B7C7D0F1F8D16A800301B48 /* UIButton+TitleImgEdgeInsets.m */; };
		7B9B640D1F8CEBA8006D3D2A /* MainVC.xib in Resources */ = {isa = PBXBuildFile; fileRef = 7B9B640C1F8CEBA8006D3D2A /* MainVC.xib */; };
		7BFF99521F8F039A006F5BA1 /* ChineseString.m in Sources */ = {isa = PBXBuildFile; fileRef = 7BFF993D1F8F039A006F5BA1 /* ChineseString.m */; };
		7BFF99531F8F039A006F5BA1 /* pinyin.c in Sources */ = {isa = PBXBuildFile; fileRef = 7BFF993E1F8F039A006F5BA1 /* pinyin.c */; };
		7BFF99541F8F039A006F5BA1 /* ChineseInclude.m in Sources */ = {isa = PBXBuildFile; fileRef = 7BFF99421F8F039A006F5BA1 /* ChineseInclude.m */; };
		7BFF99551F8F039A006F5BA1 /* ChineseToPinyinResource.m in Sources */ = {isa = PBXBuildFile; fileRef = 7BFF99441F8F039A006F5BA1 /* ChineseToPinyinResource.m */; };
		7BFF99561F8F039A006F5BA1 /* HanyuPinyinOutputFormat.m in Sources */ = {isa = PBXBuildFile; fileRef = 7BFF99461F8F039A006F5BA1 /* HanyuPinyinOutputFormat.m */; };
		7BFF99571F8F039A006F5BA1 /* NSString+PinYin4Cocoa.m in Sources */ = {isa = PBXBuildFile; fileRef = 7BFF99481F8F039A006F5BA1 /* NSString+PinYin4Cocoa.m */; };
		7BFF99581F8F039A006F5BA1 /* PinyinFormatter.m in Sources */ = {isa = PBXBuildFile; fileRef = 7BFF994A1F8F039A006F5BA1 /* PinyinFormatter.m */; };
		7BFF99591F8F039A006F5BA1 /* PinYinForObjc.m in Sources */ = {isa = PBXBuildFile; fileRef = 7BFF994C1F8F039A006F5BA1 /* PinYinForObjc.m */; };
		7BFF995A1F8F039A006F5BA1 /* PinyinHelper.m in Sources */ = {isa = PBXBuildFile; fileRef = 7BFF994E1F8F039A006F5BA1 /* PinyinHelper.m */; };
		7BFF995B1F8F039A006F5BA1 /* unicode_to_hanyu_pinyin.txt in Resources */ = {isa = PBXBuildFile; fileRef = 7BFF994F1F8F039A006F5BA1 /* unicode_to_hanyu_pinyin.txt */; };
		7BFF995C1F8F039A006F5BA1 /* ZYPinYinSearch.m in Sources */ = {isa = PBXBuildFile; fileRef = 7BFF99511F8F039A006F5BA1 /* ZYPinYinSearch.m */; };
		7BFF995F1F8F0602006F5BA1 /* BaseTableView.m in Sources */ = {isa = PBXBuildFile; fileRef = 7BFF995E1F8F0602006F5BA1 /* BaseTableView.m */; };
/* End PBXBuildFile section */

/* Begin PBXContainerItemProxy section */
		7B71B9931F8C6B9500E8BFAC /* PBXContainerItemProxy */ = {
			isa = PBXContainerItemProxy;
			containerPortal = 7B71B9711F8C6B9500E8BFAC /* Project object */;
			proxyType = 1;
			remoteGlobalIDString = 7B71B9781F8C6B9500E8BFAC;
			remoteInfo = ZTLife;
		};
		7B71B99E1F8C6B9600E8BFAC /* PBXContainerItemProxy */ = {
			isa = PBXContainerItemProxy;
			containerPortal = 7B71B9711F8C6B9500E8BFAC /* Project object */;
			proxyType = 1;
			remoteGlobalIDString = 7B71B9781F8C6B9500E8BFAC;
			remoteInfo = ZTLife;
		};
/* End PBXContainerItemProxy section */

/* Begin PBXFileReference section */
		5334E747676160D01013A51D /* Pods-ZTLife.release.xcconfig */ = {isa = PBXFileReference; includeInIndex = 1; lastKnownFileType = text.xcconfig; name = "Pods-ZTLife.release.xcconfig"; path = "Pods/Target Support Files/Pods-ZTLife/Pods-ZTLife.release.xcconfig"; sourceTree = "<group>"; };
		5DCB3B1B3CC0102F09799440 /* libPods-ZTLife.a */ = {isa = PBXFileReference; explicitFileType = archive.ar; includeInIndex = 0; path = "libPods-ZTLife.a"; sourceTree = BUILT_PRODUCTS_DIR; };
		7B0F571B1F8CB40500981B9A /* HttpAPIManager.h */ = {isa = PBXFileReference; fileEncoding = 4; lastKnownFileType = sourcecode.c.h; path = HttpAPIManager.h; sourceTree = "<group>"; };
		7B0F571C1F8CB40500981B9A /* HttpAPIManager.m */ = {isa = PBXFileReference; fileEncoding = 4; lastKnownFileType = sourcecode.c.objc; path = HttpAPIManager.m; sourceTree = "<group>"; };
		7B0F571D1F8CB40500981B9A /* YYRequest.h */ = {isa = PBXFileReference; fileEncoding = 4; lastKnownFileType = sourcecode.c.h; path = YYRequest.h; sourceTree = "<group>"; };
		7B0F571E1F8CB40500981B9A /* YYRequest.m */ = {isa = PBXFileReference; fileEncoding = 4; lastKnownFileType = sourcecode.c.objc; path = YYRequest.m; sourceTree = "<group>"; };
		7B0F572E1F8CB4E400981B9A /* LoginViewController.h */ = {isa = PBXFileReference; fileEncoding = 4; lastKnownFileType = sourcecode.c.h; path = LoginViewController.h; sourceTree = "<group>"; };
		7B0F572F1F8CB4E400981B9A /* LoginViewController.m */ = {isa = PBXFileReference; fileEncoding = 4; lastKnownFileType = sourcecode.c.objc; path = LoginViewController.m; sourceTree = "<group>"; };
		7B0F57301F8CB4E400981B9A /* LoginViewController.xib */ = {isa = PBXFileReference; fileEncoding = 4; lastKnownFileType = file.xib; path = LoginViewController.xib; sourceTree = "<group>"; };
		7B0F573E1F8CB4E400981B9A /* LoginHttpManager.h */ = {isa = PBXFileReference; fileEncoding = 4; lastKnownFileType = sourcecode.c.h; path = LoginHttpManager.h; sourceTree = "<group>"; };
		7B0F573F1F8CB4E400981B9A /* LoginHttpManager.m */ = {isa = PBXFileReference; fileEncoding = 4; lastKnownFileType = sourcecode.c.objc; path = LoginHttpManager.m; sourceTree = "<group>"; };
		7B0F57411F8CB4E400981B9A /* LoginDataModel.h */ = {isa = PBXFileReference; fileEncoding = 4; lastKnownFileType = sourcecode.c.h; path = LoginDataModel.h; sourceTree = "<group>"; };
		7B0F57421F8CB4E400981B9A /* LogindataModel.m */ = {isa = PBXFileReference; fileEncoding = 4; lastKnownFileType = sourcecode.c.objc; path = LogindataModel.m; sourceTree = "<group>"; };
		7B0F57441F8CB4E400981B9A /* RegisterHeadCell.h */ = {isa = PBXFileReference; fileEncoding = 4; lastKnownFileType = sourcecode.c.h; path = RegisterHeadCell.h; sourceTree = "<group>"; };
		7B0F57451F8CB4E400981B9A /* RegisterHeadCell.m */ = {isa = PBXFileReference; fileEncoding = 4; lastKnownFileType = sourcecode.c.objc; path = RegisterHeadCell.m; sourceTree = "<group>"; };
		7B0F57461F8CB4E400981B9A /* RegisterHeadCell.xib */ = {isa = PBXFileReference; fileEncoding = 4; lastKnownFileType = file.xib; path = RegisterHeadCell.xib; sourceTree = "<group>"; };
		7B0F59091F8CB77B00981B9A /* BaseViewController.h */ = {isa = PBXFileReference; fileEncoding = 4; lastKnownFileType = sourcecode.c.h; path = BaseViewController.h; sourceTree = "<group>"; };
		7B0F590A1F8CB77B00981B9A /* BaseViewController.m */ = {isa = PBXFileReference; fileEncoding = 4; lastKnownFileType = sourcecode.c.objc; path = BaseViewController.m; sourceTree = "<group>"; };
		7B0F590C1F8CB90200981B9A /* BaseNavigationController.h */ = {isa = PBXFileReference; fileEncoding = 4; lastKnownFileType = sourcecode.c.h; path = BaseNavigationController.h; sourceTree = "<group>"; };
		7B0F590D1F8CB90200981B9A /* BaseNavigationController.m */ = {isa = PBXFileReference; fileEncoding = 4; lastKnownFileType = sourcecode.c.objc; path = BaseNavigationController.m; sourceTree = "<group>"; };
		7B0F59101F8CB99700981B9A /* CommonHeaderFile.h */ = {isa = PBXFileReference; fileEncoding = 4; lastKnownFileType = sourcecode.c.h; path = CommonHeaderFile.h; sourceTree = "<group>"; };
		7B0F59111F8CB99700981B9A /* CommonTools.h */ = {isa = PBXFileReference; fileEncoding = 4; lastKnownFileType = sourcecode.c.h; path = CommonTools.h; sourceTree = "<group>"; };
		7B0F59121F8CB99700981B9A /* Constant.h */ = {isa = PBXFileReference; fileEncoding = 4; lastKnownFileType = sourcecode.c.h; path = Constant.h; sourceTree = "<group>"; };
		7B0F59131F8CB99700981B9A /* EJVerticalButton.h */ = {isa = PBXFileReference; fileEncoding = 4; lastKnownFileType = sourcecode.c.h; path = EJVerticalButton.h; sourceTree = "<group>"; };
		7B0F59141F8CB99700981B9A /* EJVerticalButton.m */ = {isa = PBXFileReference; fileEncoding = 4; lastKnownFileType = sourcecode.c.objc; path = EJVerticalButton.m; sourceTree = "<group>"; };
		7B0F59151F8CB99700981B9A /* MacroDefinition.h */ = {isa = PBXFileReference; fileEncoding = 4; lastKnownFileType = sourcecode.c.h; path = MacroDefinition.h; sourceTree = "<group>"; };
		7B0F59181F8CB99700981B9A /* Tools.h */ = {isa = PBXFileReference; fileEncoding = 4; lastKnownFileType = sourcecode.c.h; path = Tools.h; sourceTree = "<group>"; };
		7B0F59191F8CB99700981B9A /* Tools.m */ = {isa = PBXFileReference; fileEncoding = 4; lastKnownFileType = sourcecode.c.objc; path = Tools.m; sourceTree = "<group>"; };
		7B0F591A1F8CB99700981B9A /* TTTAttributeLabelView.h */ = {isa = PBXFileReference; fileEncoding = 4; lastKnownFileType = sourcecode.c.h; path = TTTAttributeLabelView.h; sourceTree = "<group>"; };
		7B0F591B1F8CB99700981B9A /* TTTAttributeLabelView.m */ = {isa = PBXFileReference; fileEncoding = 4; lastKnownFileType = sourcecode.c.objc; path = TTTAttributeLabelView.m; sourceTree = "<group>"; };
		7B0F591C1F8CB99700981B9A /* UIImage+Size.h */ = {isa = PBXFileReference; fileEncoding = 4; lastKnownFileType = sourcecode.c.h; path = "UIImage+Size.h"; sourceTree = "<group>"; };
		7B0F591D1F8CB99700981B9A /* UIImage+Size.m */ = {isa = PBXFileReference; fileEncoding = 4; lastKnownFileType = sourcecode.c.objc; path = "UIImage+Size.m"; sourceTree = "<group>"; };
		7B0F591E1F8CB99700981B9A /* UIViewExt.h */ = {isa = PBXFileReference; fileEncoding = 4; lastKnownFileType = sourcecode.c.h; path = UIViewExt.h; sourceTree = "<group>"; };
		7B0F591F1F8CB99700981B9A /* UIViewExt.m */ = {isa = PBXFileReference; fileEncoding = 4; lastKnownFileType = sourcecode.c.objc; path = UIViewExt.m; sourceTree = "<group>"; };
		7B0F59201F8CB99700981B9A /* unLoginVCList.plist */ = {isa = PBXFileReference; fileEncoding = 4; lastKnownFileType = text.plist.xml; path = unLoginVCList.plist; sourceTree = "<group>"; };
		7B0F59211F8CB99700981B9A /* UserInfoManager.h */ = {isa = PBXFileReference; fileEncoding = 4; lastKnownFileType = sourcecode.c.h; path = UserInfoManager.h; sourceTree = "<group>"; };
		7B0F59221F8CB99700981B9A /* UserInfoManager.m */ = {isa = PBXFileReference; fileEncoding = 4; lastKnownFileType = sourcecode.c.objc; path = UserInfoManager.m; sourceTree = "<group>"; };
		7B0F59231F8CB99700981B9A /* ZTKeyBoardManager.h */ = {isa = PBXFileReference; fileEncoding = 4; lastKnownFileType = sourcecode.c.h; path = ZTKeyBoardManager.h; sourceTree = "<group>"; };
		7B0F59241F8CB99700981B9A /* ZTKeyBoardManager.m */ = {isa = PBXFileReference; fileEncoding = 4; lastKnownFileType = sourcecode.c.objc; path = ZTKeyBoardManager.m; sourceTree = "<group>"; };
		7B0F592F1F8CBAA300981B9A /* RegularTool.h */ = {isa = PBXFileReference; fileEncoding = 4; lastKnownFileType = sourcecode.c.h; path = RegularTool.h; sourceTree = "<group>"; };
		7B0F59301F8CBAA300981B9A /* RegularTool.m */ = {isa = PBXFileReference; fileEncoding = 4; lastKnownFileType = sourcecode.c.objc; path = RegularTool.m; sourceTree = "<group>"; };
		7B0F59361F8CBB2800981B9A /* getUUID.h */ = {isa = PBXFileReference; fileEncoding = 4; lastKnownFileType = sourcecode.c.h; path = getUUID.h; sourceTree = "<group>"; };
		7B0F59371F8CBB2800981B9A /* getUUID.m */ = {isa = PBXFileReference; fileEncoding = 4; lastKnownFileType = sourcecode.c.objc; path = getUUID.m; sourceTree = "<group>"; };
		7B0F59381F8CBB2800981B9A /* KeyChainStore.h */ = {isa = PBXFileReference; fileEncoding = 4; lastKnownFileType = sourcecode.c.h; path = KeyChainStore.h; sourceTree = "<group>"; };
		7B0F59391F8CBB2800981B9A /* KeyChainStore.m */ = {isa = PBXFileReference; fileEncoding = 4; lastKnownFileType = sourcecode.c.objc; path = KeyChainStore.m; sourceTree = "<group>"; };
		7B0F593D1F8CC76600981B9A /* Base */ = {isa = PBXFileReference; lastKnownFileType = file.storyboard; name = Base; path = Base.lproj/Main.storyboard; sourceTree = "<group>"; };
		7B1A86461F8DC0A5005A93D6 /* image.png */ = {isa = PBXFileReference; lastKnownFileType = image.png; path = image.png; sourceTree = "<group>"; };
		7B1A86471F8DC0A5005A93D6 /* 隐藏密码@2x.png */ = {isa = PBXFileReference; lastKnownFileType = image.png; path = "隐藏密码@2x.png"; sourceTree = "<group>"; };
		7B1A864A1F8DC0CC005A93D6 /* PushManager.h */ = {isa = PBXFileReference; fileEncoding = 4; lastKnownFileType = sourcecode.c.h; path = PushManager.h; sourceTree = "<group>"; };
		7B1A864B1F8DC0CC005A93D6 /* PushManager.m */ = {isa = PBXFileReference; fileEncoding = 4; lastKnownFileType = sourcecode.c.objc; path = PushManager.m; sourceTree = "<group>"; };
		7B1A864D1F8DC10F005A93D6 /* BaseTabbarController.h */ = {isa = PBXFileReference; fileEncoding = 4; lastKnownFileType = sourcecode.c.h; path = BaseTabbarController.h; sourceTree = "<group>"; };
		7B1A864E1F8DC10F005A93D6 /* BaseTabbarController.m */ = {isa = PBXFileReference; fileEncoding = 4; lastKnownFileType = sourcecode.c.objc; path = BaseTabbarController.m; sourceTree = "<group>"; };
		7B1A86501F8DC160005A93D6 /* RegisterOneController.h */ = {isa = PBXFileReference; fileEncoding = 4; lastKnownFileType = sourcecode.c.h; path = RegisterOneController.h; sourceTree = "<group>"; };
		7B1A86511F8DC160005A93D6 /* RegisterOneController.m */ = {isa = PBXFileReference; fileEncoding = 4; lastKnownFileType = sourcecode.c.objc; path = RegisterOneController.m; sourceTree = "<group>"; };
		7B1A86521F8DC160005A93D6 /* RegisterOneController.xib */ = {isa = PBXFileReference; fileEncoding = 4; lastKnownFileType = file.xib; path = RegisterOneController.xib; sourceTree = "<group>"; };
		7B1A86551F8DC197005A93D6 /* 否@3x.png */ = {isa = PBXFileReference; lastKnownFileType = image.png; path = "否@3x.png"; sourceTree = "<group>"; };
		7B1A86561F8DC197005A93D6 /* 是@3x.png */ = {isa = PBXFileReference; lastKnownFileType = image.png; path = "是@3x.png"; sourceTree = "<group>"; };
		7B1A881E1F8DC553005A93D6 /* nav_back@2x.png */ = {isa = PBXFileReference; lastKnownFileType = image.png; path = "nav_back@2x.png"; sourceTree = "<group>"; };
		7B1A88201F8DC73E005A93D6 /* RegisterTwoController.h */ = {isa = PBXFileReference; fileEncoding = 4; lastKnownFileType = sourcecode.c.h; path = RegisterTwoController.h; sourceTree = "<group>"; };
		7B1A88211F8DC73E005A93D6 /* RegisterTwoController.m */ = {isa = PBXFileReference; fileEncoding = 4; lastKnownFileType = sourcecode.c.objc; path = RegisterTwoController.m; sourceTree = "<group>"; };
		7B1A88221F8DC73E005A93D6 /* RegisterTwoController.xib */ = {isa = PBXFileReference; fileEncoding = 4; lastKnownFileType = file.xib; path = RegisterTwoController.xib; sourceTree = "<group>"; };
		7B1A88251F8DC838005A93D6 /* RegisterThreeController.h */ = {isa = PBXFileReference; fileEncoding = 4; lastKnownFileType = sourcecode.c.h; path = RegisterThreeController.h; sourceTree = "<group>"; };
		7B1A88261F8DC838005A93D6 /* RegisterThreeController.m */ = {isa = PBXFileReference; fileEncoding = 4; lastKnownFileType = sourcecode.c.objc; path = RegisterThreeController.m; sourceTree = "<group>"; };
		7B1A88271F8DC838005A93D6 /* RegisterThreeController.xib */ = {isa = PBXFileReference; fileEncoding = 4; lastKnownFileType = file.xib; path = RegisterThreeController.xib; sourceTree = "<group>"; };
		7B1A882A1F8DC929005A93D6 /* RegisterFourController.h */ = {isa = PBXFileReference; fileEncoding = 4; lastKnownFileType = sourcecode.c.h; path = RegisterFourController.h; sourceTree = "<group>"; };
		7B1A882B1F8DC929005A93D6 /* RegisterFourController.m */ = {isa = PBXFileReference; fileEncoding = 4; lastKnownFileType = sourcecode.c.objc; path = RegisterFourController.m; sourceTree = "<group>"; };
		7B1A882C1F8DC929005A93D6 /* RegisterFourController.xib */ = {isa = PBXFileReference; fileEncoding = 4; lastKnownFileType = file.xib; path = RegisterFourController.xib; sourceTree = "<group>"; };
		7B1A88301F8DC9C9005A93D6 /* AlertViewController.h */ = {isa = PBXFileReference; fileEncoding = 4; lastKnownFileType = sourcecode.c.h; path = AlertViewController.h; sourceTree = "<group>"; };
		7B1A88311F8DC9C9005A93D6 /* AlertViewController.m */ = {isa = PBXFileReference; fileEncoding = 4; lastKnownFileType = sourcecode.c.objc; path = AlertViewController.m; sourceTree = "<group>"; };
		7B1A88321F8DC9C9005A93D6 /* HHAlertView.h */ = {isa = PBXFileReference; fileEncoding = 4; lastKnownFileType = sourcecode.c.h; path = HHAlertView.h; sourceTree = "<group>"; };
		7B1A88331F8DC9C9005A93D6 /* HHAlertView.m */ = {isa = PBXFileReference; fileEncoding = 4; lastKnownFileType = sourcecode.c.objc; path = HHAlertView.m; sourceTree = "<group>"; };
		7B1A88371F8DC9D0005A93D6 /* SQCustomButton.h */ = {isa = PBXFileReference; fileEncoding = 4; lastKnownFileType = sourcecode.c.h; path = SQCustomButton.h; sourceTree = "<group>"; };
		7B1A88381F8DC9D0005A93D6 /* SQCustomButton.m */ = {isa = PBXFileReference; fileEncoding = 4; lastKnownFileType = sourcecode.c.objc; path = SQCustomButton.m; sourceTree = "<group>"; };
		7B1A883B1F8DCBA6005A93D6 /* ButtonGroupView.h */ = {isa = PBXFileReference; fileEncoding = 4; lastKnownFileType = sourcecode.c.h; path = ButtonGroupView.h; sourceTree = "<group>"; };
		7B1A883C1F8DCBA6005A93D6 /* ButtonGroupView.m */ = {isa = PBXFileReference; fileEncoding = 4; lastKnownFileType = sourcecode.c.objc; path = ButtonGroupView.m; sourceTree = "<group>"; };
		7B1A883D1F8DCBA6005A93D6 /* CityButton.h */ = {isa = PBXFileReference; fileEncoding = 4; lastKnownFileType = sourcecode.c.h; path = CityButton.h; sourceTree = "<group>"; };
		7B1A883E1F8DCBA6005A93D6 /* CityButton.m */ = {isa = PBXFileReference; fileEncoding = 4; lastKnownFileType = sourcecode.c.objc; path = CityButton.m; sourceTree = "<group>"; };
		7B1A883F1F8DCBA6005A93D6 /* citydict.plist */ = {isa = PBXFileReference; fileEncoding = 4; lastKnownFileType = text.plist.xml; path = citydict.plist; sourceTree = "<group>"; };
		7B1A88401F8DCBA6005A93D6 /* CityItem.h */ = {isa = PBXFileReference; fileEncoding = 4; lastKnownFileType = sourcecode.c.h; path = CityItem.h; sourceTree = "<group>"; };
		7B1A88411F8DCBA6005A93D6 /* CityItem.m */ = {isa = PBXFileReference; fileEncoding = 4; lastKnownFileType = sourcecode.c.objc; path = CityItem.m; sourceTree = "<group>"; };
		7B1A88421F8DCBA6005A93D6 /* CityListViewController.h */ = {isa = PBXFileReference; fileEncoding = 4; lastKnownFileType = sourcecode.c.h; path = CityListViewController.h; sourceTree = "<group>"; };
		7B1A88431F8DCBA6005A93D6 /* CityListViewController.m */ = {isa = PBXFileReference; fileEncoding = 4; lastKnownFileType = sourcecode.c.objc; path = CityListViewController.m; sourceTree = "<group>"; };
		7B1A88451F8DCBA6005A93D6 /* ChineseInclude.h */ = {isa = PBXFileReference; fileEncoding = 4; lastKnownFileType = sourcecode.c.h; path = ChineseInclude.h; sourceTree = "<group>"; };
		7B1A88461F8DCBA6005A93D6 /* ChineseInclude.m */ = {isa = PBXFileReference; fileEncoding = 4; lastKnownFileType = sourcecode.c.objc; path = ChineseInclude.m; sourceTree = "<group>"; };
		7B1A88471F8DCBA6005A93D6 /* ChineseToPinyinResource.h */ = {isa = PBXFileReference; fileEncoding = 4; lastKnownFileType = sourcecode.c.h; path = ChineseToPinyinResource.h; sourceTree = "<group>"; };
		7B1A88481F8DCBA6005A93D6 /* ChineseToPinyinResource.m */ = {isa = PBXFileReference; fileEncoding = 4; lastKnownFileType = sourcecode.c.objc; path = ChineseToPinyinResource.m; sourceTree = "<group>"; };
		7B1A88491F8DCBA6005A93D6 /* HanyuPinyinOutputFormat.h */ = {isa = PBXFileReference; fileEncoding = 4; lastKnownFileType = sourcecode.c.h; path = HanyuPinyinOutputFormat.h; sourceTree = "<group>"; };
		7B1A884A1F8DCBA6005A93D6 /* HanyuPinyinOutputFormat.m */ = {isa = PBXFileReference; fileEncoding = 4; lastKnownFileType = sourcecode.c.objc; path = HanyuPinyinOutputFormat.m; sourceTree = "<group>"; };
		7B1A884B1F8DCBA6005A93D6 /* NSString+PinYin4Cocoa.h */ = {isa = PBXFileReference; fileEncoding = 4; lastKnownFileType = sourcecode.c.h; path = "NSString+PinYin4Cocoa.h"; sourceTree = "<group>"; };
		7B1A884C1F8DCBA6005A93D6 /* NSString+PinYin4Cocoa.m */ = {isa = PBXFileReference; fileEncoding = 4; lastKnownFileType = sourcecode.c.objc; path = "NSString+PinYin4Cocoa.m"; sourceTree = "<group>"; };
		7B1A884D1F8DCBA6005A93D6 /* PinyinFormatter.h */ = {isa = PBXFileReference; fileEncoding = 4; lastKnownFileType = sourcecode.c.h; path = PinyinFormatter.h; sourceTree = "<group>"; };
		7B1A884E1F8DCBA6005A93D6 /* PinyinFormatter.m */ = {isa = PBXFileReference; fileEncoding = 4; lastKnownFileType = sourcecode.c.objc; path = PinyinFormatter.m; sourceTree = "<group>"; };
		7B1A884F1F8DCBA6005A93D6 /* PinYinForObjc.h */ = {isa = PBXFileReference; fileEncoding = 4; lastKnownFileType = sourcecode.c.h; path = PinYinForObjc.h; sourceTree = "<group>"; };
		7B1A88501F8DCBA6005A93D6 /* PinYinForObjc.m */ = {isa = PBXFileReference; fileEncoding = 4; lastKnownFileType = sourcecode.c.objc; path = PinYinForObjc.m; sourceTree = "<group>"; };
		7B1A88511F8DCBA6005A93D6 /* PinyinHelper.h */ = {isa = PBXFileReference; fileEncoding = 4; lastKnownFileType = sourcecode.c.h; path = PinyinHelper.h; sourceTree = "<group>"; };
		7B1A88521F8DCBA6005A93D6 /* PinyinHelper.m */ = {isa = PBXFileReference; fileEncoding = 4; lastKnownFileType = sourcecode.c.objc; path = PinyinHelper.m; sourceTree = "<group>"; };
		7B1A88531F8DCBA6005A93D6 /* unicode_to_hanyu_pinyin.txt */ = {isa = PBXFileReference; fileEncoding = 4; lastKnownFileType = text; path = unicode_to_hanyu_pinyin.txt; sourceTree = "<group>"; };
		7B1A88541F8DCBA6005A93D6 /* ZYPinYinSearch.h */ = {isa = PBXFileReference; fileEncoding = 4; lastKnownFileType = sourcecode.c.h; path = ZYPinYinSearch.h; sourceTree = "<group>"; };
		7B1A88551F8DCBA6005A93D6 /* ZYPinYinSearch.m */ = {isa = PBXFileReference; fileEncoding = 4; lastKnownFileType = sourcecode.c.objc; path = ZYPinYinSearch.m; sourceTree = "<group>"; };
		7B1A88651F8DCD06005A93D6 /* BDImagePicker.h */ = {isa = PBXFileReference; fileEncoding = 4; lastKnownFileType = sourcecode.c.h; path = BDImagePicker.h; sourceTree = "<group>"; };
		7B1A88661F8DCD06005A93D6 /* BDImagePicker.m */ = {isa = PBXFileReference; fileEncoding = 4; lastKnownFileType = sourcecode.c.objc; path = BDImagePicker.m; sourceTree = "<group>"; };
		7B1A886A1F8DCDEC005A93D6 /* yj_normal.png */ = {isa = PBXFileReference; lastKnownFileType = image.png; path = yj_normal.png; sourceTree = "<group>"; };
		7B1A886B1F8DCDEC005A93D6 /* yj_selected.png */ = {isa = PBXFileReference; lastKnownFileType = image.png; path = yj_selected.png; sourceTree = "<group>"; };
		7B1A886C1F8DCDEC005A93D6 /* YJSelectionView.h */ = {isa = PBXFileReference; fileEncoding = 4; lastKnownFileType = sourcecode.c.h; path = YJSelectionView.h; sourceTree = "<group>"; };
		7B1A886D1F8DCDEC005A93D6 /* YJSelectionView.m */ = {isa = PBXFileReference; fileEncoding = 4; lastKnownFileType = sourcecode.c.objc; path = YJSelectionView.m; sourceTree = "<group>"; };
		7B1A88761F8DCE49005A93D6 /* UICustomDatePicker.h */ = {isa = PBXFileReference; fileEncoding = 4; lastKnownFileType = sourcecode.c.h; path = UICustomDatePicker.h; sourceTree = "<group>"; };
		7B1A88771F8DCE49005A93D6 /* UICustomDatePicker.m */ = {isa = PBXFileReference; fileEncoding = 4; lastKnownFileType = sourcecode.c.objc; path = UICustomDatePicker.m; sourceTree = "<group>"; };
		7B1A88781F8DCE49005A93D6 /* UICustomDatePicker.xib */ = {isa = PBXFileReference; fileEncoding = 4; lastKnownFileType = file.xib; path = UICustomDatePicker.xib; sourceTree = "<group>"; };
		7B6F177D1F8E090D008B1700 /* timg.jpeg */ = {isa = PBXFileReference; lastKnownFileType = image.jpeg; path = timg.jpeg; sourceTree = "<group>"; };
		7B6F17851F8E1FE4008B1700 /* AddressBookController.h */ = {isa = PBXFileReference; fileEncoding = 4; lastKnownFileType = sourcecode.c.h; path = AddressBookController.h; sourceTree = "<group>"; };
		7B6F17861F8E1FE4008B1700 /* AddressBookController.m */ = {isa = PBXFileReference; fileEncoding = 4; lastKnownFileType = sourcecode.c.objc; path = AddressBookController.m; sourceTree = "<group>"; };
		7B6F17871F8E1FE4008B1700 /* AddressBookController.xib */ = {isa = PBXFileReference; fileEncoding = 4; lastKnownFileType = file.xib; path = AddressBookController.xib; sourceTree = "<group>"; };
		7B71B9791F8C6B9500E8BFAC /* ZTLife.app */ = {isa = PBXFileReference; explicitFileType = wrapper.application; includeInIndex = 0; path = ZTLife.app; sourceTree = BUILT_PRODUCTS_DIR; };
		7B71B97D1F8C6B9500E8BFAC /* main.m */ = {isa = PBXFileReference; lastKnownFileType = sourcecode.c.objc; path = main.m; sourceTree = "<group>"; };
		7B71B97F1F8C6B9500E8BFAC /* AppDelegate.h */ = {isa = PBXFileReference; lastKnownFileType = sourcecode.c.h; path = AppDelegate.h; sourceTree = "<group>"; };
		7B71B9801F8C6B9500E8BFAC /* AppDelegate.m */ = {isa = PBXFileReference; lastKnownFileType = sourcecode.c.objc; path = AppDelegate.m; sourceTree = "<group>"; };
		7B71B9821F8C6B9500E8BFAC /* ViewController.h */ = {isa = PBXFileReference; lastKnownFileType = sourcecode.c.h; path = ViewController.h; sourceTree = "<group>"; };
		7B71B9831F8C6B9500E8BFAC /* ViewController.m */ = {isa = PBXFileReference; lastKnownFileType = sourcecode.c.objc; path = ViewController.m; sourceTree = "<group>"; };
		7B71B9881F8C6B9500E8BFAC /* Assets.xcassets */ = {isa = PBXFileReference; lastKnownFileType = folder.assetcatalog; path = Assets.xcassets; sourceTree = "<group>"; };
		7B71B98B1F8C6B9500E8BFAC /* Base */ = {isa = PBXFileReference; lastKnownFileType = file.storyboard; name = Base; path = Base.lproj/LaunchScreen.storyboard; sourceTree = "<group>"; };
		7B71B98D1F8C6B9500E8BFAC /* Info.plist */ = {isa = PBXFileReference; lastKnownFileType = text.plist.xml; path = Info.plist; sourceTree = "<group>"; };
		7B71B9921F8C6B9500E8BFAC /* ZTLifeTests.xctest */ = {isa = PBXFileReference; explicitFileType = wrapper.cfbundle; includeInIndex = 0; path = ZTLifeTests.xctest; sourceTree = BUILT_PRODUCTS_DIR; };
		7B71B9961F8C6B9500E8BFAC /* ZTLifeTests.m */ = {isa = PBXFileReference; lastKnownFileType = sourcecode.c.objc; path = ZTLifeTests.m; sourceTree = "<group>"; };
		7B71B9981F8C6B9500E8BFAC /* Info.plist */ = {isa = PBXFileReference; lastKnownFileType = text.plist.xml; path = Info.plist; sourceTree = "<group>"; };
		7B71B99D1F8C6B9600E8BFAC /* ZTLifeUITests.xctest */ = {isa = PBXFileReference; explicitFileType = wrapper.cfbundle; includeInIndex = 0; path = ZTLifeUITests.xctest; sourceTree = BUILT_PRODUCTS_DIR; };
		7B71B9A11F8C6B9600E8BFAC /* ZTLifeUITests.m */ = {isa = PBXFileReference; lastKnownFileType = sourcecode.c.objc; path = ZTLifeUITests.m; sourceTree = "<group>"; };
		7B71B9A31F8C6B9600E8BFAC /* Info.plist */ = {isa = PBXFileReference; lastKnownFileType = text.plist.xml; path = Info.plist; sourceTree = "<group>"; };
		7B71B9BF1F8C6EAA00E8BFAC /* PrefixHeader.pch */ = {isa = PBXFileReference; lastKnownFileType = sourcecode.c.h; path = PrefixHeader.pch; sourceTree = "<group>"; };
		7B71B9C41F8C732300E8BFAC /* CyhSliderVC.h */ = {isa = PBXFileReference; fileEncoding = 4; lastKnownFileType = sourcecode.c.h; path = CyhSliderVC.h; sourceTree = "<group>"; };
		7B71B9C51F8C732300E8BFAC /* CyhSliderVC.m */ = {isa = PBXFileReference; fileEncoding = 4; lastKnownFileType = sourcecode.c.objc; path = CyhSliderVC.m; sourceTree = "<group>"; };
		7B71B9C71F8C734700E8BFAC /* LeftVc.h */ = {isa = PBXFileReference; fileEncoding = 4; lastKnownFileType = sourcecode.c.h; path = LeftVc.h; sourceTree = "<group>"; };
		7B71B9C81F8C734700E8BFAC /* LeftVc.m */ = {isa = PBXFileReference; fileEncoding = 4; lastKnownFileType = sourcecode.c.objc; path = LeftVc.m; sourceTree = "<group>"; };
		7B71B9C91F8C734700E8BFAC /* MainVC.h */ = {isa = PBXFileReference; fileEncoding = 4; lastKnownFileType = sourcecode.c.h; path = MainVC.h; sourceTree = "<group>"; };
		7B71B9CA1F8C734700E8BFAC /* MainVC.m */ = {isa = PBXFileReference; fileEncoding = 4; lastKnownFileType = sourcecode.c.objc; path = MainVC.m; sourceTree = "<group>"; };
		7B71B9CB1F8C734700E8BFAC /* MainVC2.h */ = {isa = PBXFileReference; fileEncoding = 4; lastKnownFileType = sourcecode.c.h; path = MainVC2.h; sourceTree = "<group>"; };
		7B71B9CC1F8C734700E8BFAC /* MainVC2.m */ = {isa = PBXFileReference; fileEncoding = 4; lastKnownFileType = sourcecode.c.objc; path = MainVC2.m; sourceTree = "<group>"; };
		7B71B9CD1F8C734700E8BFAC /* subVC.h */ = {isa = PBXFileReference; fileEncoding = 4; lastKnownFileType = sourcecode.c.h; path = subVC.h; sourceTree = "<group>"; };
		7B71B9CE1F8C734700E8BFAC /* subVC.m */ = {isa = PBXFileReference; fileEncoding = 4; lastKnownFileType = sourcecode.c.objc; path = subVC.m; sourceTree = "<group>"; };
		7B71B9CF1F8C734700E8BFAC /* tabBarVc.h */ = {isa = PBXFileReference; fileEncoding = 4; lastKnownFileType = sourcecode.c.h; path = tabBarVc.h; sourceTree = "<group>"; };
		7B71B9D01F8C734700E8BFAC /* tabBarVc.m */ = {isa = PBXFileReference; fileEncoding = 4; lastKnownFileType = sourcecode.c.objc; path = tabBarVc.m; sourceTree = "<group>"; };
		7B7C7D0E1F8D16A800301B48 /* UIButton+TitleImgEdgeInsets.h */ = {isa = PBXFileReference; fileEncoding = 4; lastKnownFileType = sourcecode.c.h; path = "UIButton+TitleImgEdgeInsets.h"; sourceTree = "<group>"; };
		7B7C7D0F1F8D16A800301B48 /* UIButton+TitleImgEdgeInsets.m */ = {isa = PBXFileReference; fileEncoding = 4; lastKnownFileType = sourcecode.c.objc; path = "UIButton+TitleImgEdgeInsets.m"; sourceTree = "<group>"; };
		7B9B640C1F8CEBA8006D3D2A /* MainVC.xib */ = {isa = PBXFileReference; fileEncoding = 4; lastKnownFileType = file.xib; path = MainVC.xib; sourceTree = "<group>"; };
		7BFF993C1F8F039A006F5BA1 /* ChineseString.h */ = {isa = PBXFileReference; fileEncoding = 4; lastKnownFileType = sourcecode.c.h; path = ChineseString.h; sourceTree = "<group>"; };
		7BFF993D1F8F039A006F5BA1 /* ChineseString.m */ = {isa = PBXFileReference; fileEncoding = 4; lastKnownFileType = sourcecode.c.objc; path = ChineseString.m; sourceTree = "<group>"; };
		7BFF993E1F8F039A006F5BA1 /* pinyin.c */ = {isa = PBXFileReference; fileEncoding = 4; lastKnownFileType = sourcecode.c.c; path = pinyin.c; sourceTree = "<group>"; };
		7BFF993F1F8F039A006F5BA1 /* pinyin.h */ = {isa = PBXFileReference; fileEncoding = 4; lastKnownFileType = sourcecode.c.h; path = pinyin.h; sourceTree = "<group>"; };
		7BFF99411F8F039A006F5BA1 /* ChineseInclude.h */ = {isa = PBXFileReference; fileEncoding = 4; lastKnownFileType = sourcecode.c.h; path = ChineseInclude.h; sourceTree = "<group>"; };
		7BFF99421F8F039A006F5BA1 /* ChineseInclude.m */ = {isa = PBXFileReference; fileEncoding = 4; lastKnownFileType = sourcecode.c.objc; path = ChineseInclude.m; sourceTree = "<group>"; };
		7BFF99431F8F039A006F5BA1 /* ChineseToPinyinResource.h */ = {isa = PBXFileReference; fileEncoding = 4; lastKnownFileType = sourcecode.c.h; path = ChineseToPinyinResource.h; sourceTree = "<group>"; };
		7BFF99441F8F039A006F5BA1 /* ChineseToPinyinResource.m */ = {isa = PBXFileReference; fileEncoding = 4; lastKnownFileType = sourcecode.c.objc; path = ChineseToPinyinResource.m; sourceTree = "<group>"; };
		7BFF99451F8F039A006F5BA1 /* HanyuPinyinOutputFormat.h */ = {isa = PBXFileReference; fileEncoding = 4; lastKnownFileType = sourcecode.c.h; path = HanyuPinyinOutputFormat.h; sourceTree = "<group>"; };
		7BFF99461F8F039A006F5BA1 /* HanyuPinyinOutputFormat.m */ = {isa = PBXFileReference; fileEncoding = 4; lastKnownFileType = sourcecode.c.objc; path = HanyuPinyinOutputFormat.m; sourceTree = "<group>"; };
		7BFF99471F8F039A006F5BA1 /* NSString+PinYin4Cocoa.h */ = {isa = PBXFileReference; fileEncoding = 4; lastKnownFileType = sourcecode.c.h; path = "NSString+PinYin4Cocoa.h"; sourceTree = "<group>"; };
		7BFF99481F8F039A006F5BA1 /* NSString+PinYin4Cocoa.m */ = {isa = PBXFileReference; fileEncoding = 4; lastKnownFileType = sourcecode.c.objc; path = "NSString+PinYin4Cocoa.m"; sourceTree = "<group>"; };
		7BFF99491F8F039A006F5BA1 /* PinyinFormatter.h */ = {isa = PBXFileReference; fileEncoding = 4; lastKnownFileType = sourcecode.c.h; path = PinyinFormatter.h; sourceTree = "<group>"; };
		7BFF994A1F8F039A006F5BA1 /* PinyinFormatter.m */ = {isa = PBXFileReference; fileEncoding = 4; lastKnownFileType = sourcecode.c.objc; path = PinyinFormatter.m; sourceTree = "<group>"; };
		7BFF994B1F8F039A006F5BA1 /* PinYinForObjc.h */ = {isa = PBXFileReference; fileEncoding = 4; lastKnownFileType = sourcecode.c.h; path = PinYinForObjc.h; sourceTree = "<group>"; };
		7BFF994C1F8F039A006F5BA1 /* PinYinForObjc.m */ = {isa = PBXFileReference; fileEncoding = 4; lastKnownFileType = sourcecode.c.objc; path = PinYinForObjc.m; sourceTree = "<group>"; };
		7BFF994D1F8F039A006F5BA1 /* PinyinHelper.h */ = {isa = PBXFileReference; fileEncoding = 4; lastKnownFileType = sourcecode.c.h; path = PinyinHelper.h; sourceTree = "<group>"; };
		7BFF994E1F8F039A006F5BA1 /* PinyinHelper.m */ = {isa = PBXFileReference; fileEncoding = 4; lastKnownFileType = sourcecode.c.objc; path = PinyinHelper.m; sourceTree = "<group>"; };
		7BFF994F1F8F039A006F5BA1 /* unicode_to_hanyu_pinyin.txt */ = {isa = PBXFileReference; fileEncoding = 4; lastKnownFileType = text; path = unicode_to_hanyu_pinyin.txt; sourceTree = "<group>"; };
		7BFF99501F8F039A006F5BA1 /* ZYPinYinSearch.h */ = {isa = PBXFileReference; fileEncoding = 4; lastKnownFileType = sourcecode.c.h; path = ZYPinYinSearch.h; sourceTree = "<group>"; };
		7BFF99511F8F039A006F5BA1 /* ZYPinYinSearch.m */ = {isa = PBXFileReference; fileEncoding = 4; lastKnownFileType = sourcecode.c.objc; path = ZYPinYinSearch.m; sourceTree = "<group>"; };
		7BFF995D1F8F0602006F5BA1 /* BaseTableView.h */ = {isa = PBXFileReference; fileEncoding = 4; lastKnownFileType = sourcecode.c.h; path = BaseTableView.h; sourceTree = "<group>"; };
		7BFF995E1F8F0602006F5BA1 /* BaseTableView.m */ = {isa = PBXFileReference; fileEncoding = 4; lastKnownFileType = sourcecode.c.objc; path = BaseTableView.m; sourceTree = "<group>"; };
		A630D9A2BCCCD6C84B16874B /* Pods-ZTLife.debug.xcconfig */ = {isa = PBXFileReference; includeInIndex = 1; lastKnownFileType = text.xcconfig; name = "Pods-ZTLife.debug.xcconfig"; path = "Pods/Target Support Files/Pods-ZTLife/Pods-ZTLife.debug.xcconfig"; sourceTree = "<group>"; };
/* End PBXFileReference section */

/* Begin PBXFrameworksBuildPhase section */
		7B71B9761F8C6B9500E8BFAC /* Frameworks */ = {
			isa = PBXFrameworksBuildPhase;
			buildActionMask = 2147483647;
			files = (
				46347BB6D579847F88790F48 /* libPods-ZTLife.a in Frameworks */,
			);
			runOnlyForDeploymentPostprocessing = 0;
		};
		7B71B98F1F8C6B9500E8BFAC /* Frameworks */ = {
			isa = PBXFrameworksBuildPhase;
			buildActionMask = 2147483647;
			files = (
			);
			runOnlyForDeploymentPostprocessing = 0;
		};
		7B71B99A1F8C6B9600E8BFAC /* Frameworks */ = {
			isa = PBXFrameworksBuildPhase;
			buildActionMask = 2147483647;
			files = (
			);
			runOnlyForDeploymentPostprocessing = 0;
		};
/* End PBXFrameworksBuildPhase section */

/* Begin PBXGroup section */
		7B0F56E81F8C9A5100981B9A /* Resource */ = {
			isa = PBXGroup;
			children = (
				7B1A86451F8DC0A5005A93D6 /* Img */,
			);
			path = Resource;
			sourceTree = "<group>";
		};
		7B0F56EF1F8CA1F800981B9A /* Lib */ = {
			isa = PBXGroup;
			children = (
				7BFF993A1F8F039A006F5BA1 /* HCSearch */,
				7B1A88681F8DCDEC005A93D6 /* PickerView */,
				7B1A88641F8DCD06005A93D6 /* BDImagePicker */,
				7B1A883A1F8DCBA6005A93D6 /* ChinaCityList */,
				7B1A88361F8DC9D0005A93D6 /* Button */,
				7B1A882F1F8DC9C9005A93D6 /* AlertView */,
				7B0F59351F8CBB2800981B9A /* KeyChain */,
				7B0F592E1F8CBAA300981B9A /* Regular */,
			);
			path = Lib;
			sourceTree = "<group>";
		};
		7B0F571A1F8CB40500981B9A /* HttpManager */ = {
			isa = PBXGroup;
			children = (
				7B0F571B1F8CB40500981B9A /* HttpAPIManager.h */,
				7B0F571C1F8CB40500981B9A /* HttpAPIManager.m */,
				7B0F571D1F8CB40500981B9A /* YYRequest.h */,
				7B0F571E1F8CB40500981B9A /* YYRequest.m */,
			);
			path = HttpManager;
			sourceTree = "<group>";
		};
		7B0F57251F8CB4E400981B9A /* Moulde */ = {
			isa = PBXGroup;
			children = (
				7B6F17801F8E1F72008B1700 /* UpPartVC */,
				7B0F57261F8CB4E400981B9A /* LoginAndRegister */,
			);
			path = Moulde;
			sourceTree = "<group>";
		};
		7B0F57261F8CB4E400981B9A /* LoginAndRegister */ = {
			isa = PBXGroup;
			children = (
				7B0F573D1F8CB4E400981B9A /* HttpManager */,
				7B0F57271F8CB4E400981B9A /* Controller */,
				7B0F57401F8CB4E400981B9A /* Model */,
				7B0F57431F8CB4E400981B9A /* View */,
			);
			path = LoginAndRegister;
			sourceTree = "<group>";
		};
		7B0F57271F8CB4E400981B9A /* Controller */ = {
			isa = PBXGroup;
			children = (
				7B0F572E1F8CB4E400981B9A /* LoginViewController.h */,
				7B0F572F1F8CB4E400981B9A /* LoginViewController.m */,
				7B0F57301F8CB4E400981B9A /* LoginViewController.xib */,
				7B1A86501F8DC160005A93D6 /* RegisterOneController.h */,
				7B1A86511F8DC160005A93D6 /* RegisterOneController.m */,
				7B1A86521F8DC160005A93D6 /* RegisterOneController.xib */,
				7B1A88201F8DC73E005A93D6 /* RegisterTwoController.h */,
				7B1A88211F8DC73E005A93D6 /* RegisterTwoController.m */,
				7B1A88221F8DC73E005A93D6 /* RegisterTwoController.xib */,
				7B1A88251F8DC838005A93D6 /* RegisterThreeController.h */,
				7B1A88261F8DC838005A93D6 /* RegisterThreeController.m */,
				7B1A88271F8DC838005A93D6 /* RegisterThreeController.xib */,
				7B1A882A1F8DC929005A93D6 /* RegisterFourController.h */,
				7B1A882B1F8DC929005A93D6 /* RegisterFourController.m */,
				7B1A882C1F8DC929005A93D6 /* RegisterFourController.xib */,
			);
			path = Controller;
			sourceTree = "<group>";
		};
		7B0F573D1F8CB4E400981B9A /* HttpManager */ = {
			isa = PBXGroup;
			children = (
				7B0F573E1F8CB4E400981B9A /* LoginHttpManager.h */,
				7B0F573F1F8CB4E400981B9A /* LoginHttpManager.m */,
			);
			path = HttpManager;
			sourceTree = "<group>";
		};
		7B0F57401F8CB4E400981B9A /* Model */ = {
			isa = PBXGroup;
			children = (
				7B0F57411F8CB4E400981B9A /* LoginDataModel.h */,
				7B0F57421F8CB4E400981B9A /* LogindataModel.m */,
			);
			path = Model;
			sourceTree = "<group>";
		};
		7B0F57431F8CB4E400981B9A /* View */ = {
			isa = PBXGroup;
			children = (
				7B0F57441F8CB4E400981B9A /* RegisterHeadCell.h */,
				7B0F57451F8CB4E400981B9A /* RegisterHeadCell.m */,
				7B0F57461F8CB4E400981B9A /* RegisterHeadCell.xib */,
			);
			path = View;
			sourceTree = "<group>";
		};
		7B0F57591F8CB54200981B9A /* Base */ = {
			isa = PBXGroup;
			children = (
				7BFF995D1F8F0602006F5BA1 /* BaseTableView.h */,
				7BFF995E1F8F0602006F5BA1 /* BaseTableView.m */,
				7B0F59091F8CB77B00981B9A /* BaseViewController.h */,
				7B0F590A1F8CB77B00981B9A /* BaseViewController.m */,
				7B0F590C1F8CB90200981B9A /* BaseNavigationController.h */,
				7B0F590D1F8CB90200981B9A /* BaseNavigationController.m */,
				7B1A864D1F8DC10F005A93D6 /* BaseTabbarController.h */,
				7B1A864E1F8DC10F005A93D6 /* BaseTabbarController.m */,
			);
			path = Base;
			sourceTree = "<group>";
		};
		7B0F590F1F8CB99700981B9A /* Common */ = {
			isa = PBXGroup;
			children = (
				7B0F59121F8CB99700981B9A /* Constant.h */,
				7B1A864A1F8DC0CC005A93D6 /* PushManager.h */,
				7B1A864B1F8DC0CC005A93D6 /* PushManager.m */,
				7B7C7D0E1F8D16A800301B48 /* UIButton+TitleImgEdgeInsets.h */,
				7B7C7D0F1F8D16A800301B48 /* UIButton+TitleImgEdgeInsets.m */,
				7B0F59101F8CB99700981B9A /* CommonHeaderFile.h */,
				7B0F59111F8CB99700981B9A /* CommonTools.h */,
				7B0F59131F8CB99700981B9A /* EJVerticalButton.h */,
				7B0F59141F8CB99700981B9A /* EJVerticalButton.m */,
				7B0F59151F8CB99700981B9A /* MacroDefinition.h */,
				7B0F59181F8CB99700981B9A /* Tools.h */,
				7B0F59191F8CB99700981B9A /* Tools.m */,
				7B0F591A1F8CB99700981B9A /* TTTAttributeLabelView.h */,
				7B0F591B1F8CB99700981B9A /* TTTAttributeLabelView.m */,
				7B0F591C1F8CB99700981B9A /* UIImage+Size.h */,
				7B0F591D1F8CB99700981B9A /* UIImage+Size.m */,
				7B0F591E1F8CB99700981B9A /* UIViewExt.h */,
				7B0F591F1F8CB99700981B9A /* UIViewExt.m */,
				7B0F59201F8CB99700981B9A /* unLoginVCList.plist */,
				7B0F59211F8CB99700981B9A /* UserInfoManager.h */,
				7B0F59221F8CB99700981B9A /* UserInfoManager.m */,
				7B0F59231F8CB99700981B9A /* ZTKeyBoardManager.h */,
				7B0F59241F8CB99700981B9A /* ZTKeyBoardManager.m */,
			);
			path = Common;
			sourceTree = "<group>";
		};
		7B0F592E1F8CBAA300981B9A /* Regular */ = {
			isa = PBXGroup;
			children = (
				7B0F592F1F8CBAA300981B9A /* RegularTool.h */,
				7B0F59301F8CBAA300981B9A /* RegularTool.m */,
			);
			path = Regular;
			sourceTree = "<group>";
		};
		7B0F59351F8CBB2800981B9A /* KeyChain */ = {
			isa = PBXGroup;
			children = (
				7B0F59361F8CBB2800981B9A /* getUUID.h */,
				7B0F59371F8CBB2800981B9A /* getUUID.m */,
				7B0F59381F8CBB2800981B9A /* KeyChainStore.h */,
				7B0F59391F8CBB2800981B9A /* KeyChainStore.m */,
			);
			path = KeyChain;
			sourceTree = "<group>";
		};
		7B1A86451F8DC0A5005A93D6 /* Img */ = {
			isa = PBXGroup;
			children = (
				7B6F177D1F8E090D008B1700 /* timg.jpeg */,
				7B1A881E1F8DC553005A93D6 /* nav_back@2x.png */,
				7B1A86551F8DC197005A93D6 /* 否@3x.png */,
				7B1A86561F8DC197005A93D6 /* 是@3x.png */,
				7B1A86461F8DC0A5005A93D6 /* image.png */,
				7B1A86471F8DC0A5005A93D6 /* 隐藏密码@2x.png */,
			);
			path = Img;
			sourceTree = "<group>";
		};
		7B1A882F1F8DC9C9005A93D6 /* AlertView */ = {
			isa = PBXGroup;
			children = (
				7B1A88301F8DC9C9005A93D6 /* AlertViewController.h */,
				7B1A88311F8DC9C9005A93D6 /* AlertViewController.m */,
				7B1A88321F8DC9C9005A93D6 /* HHAlertView.h */,
				7B1A88331F8DC9C9005A93D6 /* HHAlertView.m */,
			);
			path = AlertView;
			sourceTree = "<group>";
		};
		7B1A88361F8DC9D0005A93D6 /* Button */ = {
			isa = PBXGroup;
			children = (
				7B1A88371F8DC9D0005A93D6 /* SQCustomButton.h */,
				7B1A88381F8DC9D0005A93D6 /* SQCustomButton.m */,
			);
			path = Button;
			sourceTree = "<group>";
		};
		7B1A883A1F8DCBA6005A93D6 /* ChinaCityList */ = {
			isa = PBXGroup;
			children = (
				7B1A883B1F8DCBA6005A93D6 /* ButtonGroupView.h */,
				7B1A883C1F8DCBA6005A93D6 /* ButtonGroupView.m */,
				7B1A883D1F8DCBA6005A93D6 /* CityButton.h */,
				7B1A883E1F8DCBA6005A93D6 /* CityButton.m */,
				7B1A883F1F8DCBA6005A93D6 /* citydict.plist */,
				7B1A88401F8DCBA6005A93D6 /* CityItem.h */,
				7B1A88411F8DCBA6005A93D6 /* CityItem.m */,
				7B1A88421F8DCBA6005A93D6 /* CityListViewController.h */,
				7B1A88431F8DCBA6005A93D6 /* CityListViewController.m */,
				7B1A88441F8DCBA6005A93D6 /* ZYPinYinSearchLib */,
			);
			path = ChinaCityList;
			sourceTree = "<group>";
		};
		7B1A88441F8DCBA6005A93D6 /* ZYPinYinSearchLib */ = {
			isa = PBXGroup;
			children = (
				7B1A88451F8DCBA6005A93D6 /* ChineseInclude.h */,
				7B1A88461F8DCBA6005A93D6 /* ChineseInclude.m */,
				7B1A88471F8DCBA6005A93D6 /* ChineseToPinyinResource.h */,
				7B1A88481F8DCBA6005A93D6 /* ChineseToPinyinResource.m */,
				7B1A88491F8DCBA6005A93D6 /* HanyuPinyinOutputFormat.h */,
				7B1A884A1F8DCBA6005A93D6 /* HanyuPinyinOutputFormat.m */,
				7B1A884B1F8DCBA6005A93D6 /* NSString+PinYin4Cocoa.h */,
				7B1A884C1F8DCBA6005A93D6 /* NSString+PinYin4Cocoa.m */,
				7B1A884D1F8DCBA6005A93D6 /* PinyinFormatter.h */,
				7B1A884E1F8DCBA6005A93D6 /* PinyinFormatter.m */,
				7B1A884F1F8DCBA6005A93D6 /* PinYinForObjc.h */,
				7B1A88501F8DCBA6005A93D6 /* PinYinForObjc.m */,
				7B1A88511F8DCBA6005A93D6 /* PinyinHelper.h */,
				7B1A88521F8DCBA6005A93D6 /* PinyinHelper.m */,
				7B1A88531F8DCBA6005A93D6 /* unicode_to_hanyu_pinyin.txt */,
				7B1A88541F8DCBA6005A93D6 /* ZYPinYinSearch.h */,
				7B1A88551F8DCBA6005A93D6 /* ZYPinYinSearch.m */,
			);
			path = ZYPinYinSearchLib;
			sourceTree = "<group>";
		};
		7B1A88641F8DCD06005A93D6 /* BDImagePicker */ = {
			isa = PBXGroup;
			children = (
				7B1A88651F8DCD06005A93D6 /* BDImagePicker.h */,
				7B1A88661F8DCD06005A93D6 /* BDImagePicker.m */,
			);
			path = BDImagePicker;
			sourceTree = "<group>";
		};
		7B1A88681F8DCDEC005A93D6 /* PickerView */ = {
			isa = PBXGroup;
			children = (
				7B1A88761F8DCE49005A93D6 /* UICustomDatePicker.h */,
				7B1A88771F8DCE49005A93D6 /* UICustomDatePicker.m */,
				7B1A88781F8DCE49005A93D6 /* UICustomDatePicker.xib */,
				7B1A88691F8DCDEC005A93D6 /* YJSelectionView */,
			);
			path = PickerView;
			sourceTree = "<group>";
		};
		7B1A88691F8DCDEC005A93D6 /* YJSelectionView */ = {
			isa = PBXGroup;
			children = (
				7B1A886A1F8DCDEC005A93D6 /* yj_normal.png */,
				7B1A886B1F8DCDEC005A93D6 /* yj_selected.png */,
				7B1A886C1F8DCDEC005A93D6 /* YJSelectionView.h */,
				7B1A886D1F8DCDEC005A93D6 /* YJSelectionView.m */,
			);
			path = YJSelectionView;
			sourceTree = "<group>";
		};
		7B6F17801F8E1F72008B1700 /* UpPartVC */ = {
			isa = PBXGroup;
			children = (
				7B6F17821F8E1FB5008B1700 /* HttpManager */,
				7B6F17811F8E1FB5008B1700 /* Controller */,
				7B6F17831F8E1FB5008B1700 /* Model */,
				7B6F17841F8E1FB5008B1700 /* View */,
			);
			path = UpPartVC;
			sourceTree = "<group>";
		};
		7B6F17811F8E1FB5008B1700 /* Controller */ = {
			isa = PBXGroup;
			children = (
				7B6F17851F8E1FE4008B1700 /* AddressBookController.h */,
				7B6F17861F8E1FE4008B1700 /* AddressBookController.m */,
				7B6F17871F8E1FE4008B1700 /* AddressBookController.xib */,
			);
			path = Controller;
			sourceTree = "<group>";
		};
		7B6F17821F8E1FB5008B1700 /* HttpManager */ = {
			isa = PBXGroup;
			children = (
			);
			path = HttpManager;
			sourceTree = "<group>";
		};
		7B6F17831F8E1FB5008B1700 /* Model */ = {
			isa = PBXGroup;
			children = (
			);
			path = Model;
			sourceTree = "<group>";
		};
		7B6F17841F8E1FB5008B1700 /* View */ = {
			isa = PBXGroup;
			children = (
			);
			path = View;
			sourceTree = "<group>";
		};
		7B71B9701F8C6B9500E8BFAC = {
			isa = PBXGroup;
			children = (
				7B71B97B1F8C6B9500E8BFAC /* ZTLife */,
				7B71B9951F8C6B9500E8BFAC /* ZTLifeTests */,
				7B71B9A01F8C6B9600E8BFAC /* ZTLifeUITests */,
				7B71B97A1F8C6B9500E8BFAC /* Products */,
				F8413294BEF1B3416168CF2C /* Pods */,
				CF091D62648A7DEE6EF6B07F /* Frameworks */,
			);
			sourceTree = "<group>";
		};
		7B71B97A1F8C6B9500E8BFAC /* Products */ = {
			isa = PBXGroup;
			children = (
				7B71B9791F8C6B9500E8BFAC /* ZTLife.app */,
				7B71B9921F8C6B9500E8BFAC /* ZTLifeTests.xctest */,
				7B71B99D1F8C6B9600E8BFAC /* ZTLifeUITests.xctest */,
			);
			name = Products;
			sourceTree = "<group>";
		};
		7B71B97B1F8C6B9500E8BFAC /* ZTLife */ = {
			isa = PBXGroup;
			children = (
				7B0F56EF1F8CA1F800981B9A /* Lib */,
				7B0F57591F8CB54200981B9A /* Base */,
				7B0F590F1F8CB99700981B9A /* Common */,
				7B0F571A1F8CB40500981B9A /* HttpManager */,
				7B71B9AF1F8C6D4800E8BFAC /* 侧滑 */,
				7B0F57251F8CB4E400981B9A /* Moulde */,
				7B71B97F1F8C6B9500E8BFAC /* AppDelegate.h */,
				7B71B9801F8C6B9500E8BFAC /* AppDelegate.m */,
				7B71B9821F8C6B9500E8BFAC /* ViewController.h */,
				7B71B9831F8C6B9500E8BFAC /* ViewController.m */,
				7B0F593C1F8CC76600981B9A /* Main.storyboard */,
				7B71B9881F8C6B9500E8BFAC /* Assets.xcassets */,
				7B71B98A1F8C6B9500E8BFAC /* LaunchScreen.storyboard */,
				7B71B98D1F8C6B9500E8BFAC /* Info.plist */,
				7B71B97C1F8C6B9500E8BFAC /* Supporting Files */,
			);
			path = ZTLife;
			sourceTree = "<group>";
		};
		7B71B97C1F8C6B9500E8BFAC /* Supporting Files */ = {
			isa = PBXGroup;
			children = (
				7B0F56E81F8C9A5100981B9A /* Resource */,
				7B71B97D1F8C6B9500E8BFAC /* main.m */,
				7B71B9BF1F8C6EAA00E8BFAC /* PrefixHeader.pch */,
			);
			name = "Supporting Files";
			sourceTree = "<group>";
		};
		7B71B9951F8C6B9500E8BFAC /* ZTLifeTests */ = {
			isa = PBXGroup;
			children = (
				7B71B9961F8C6B9500E8BFAC /* ZTLifeTests.m */,
				7B71B9981F8C6B9500E8BFAC /* Info.plist */,
			);
			path = ZTLifeTests;
			sourceTree = "<group>";
		};
		7B71B9A01F8C6B9600E8BFAC /* ZTLifeUITests */ = {
			isa = PBXGroup;
			children = (
				7B71B9A11F8C6B9600E8BFAC /* ZTLifeUITests.m */,
				7B71B9A31F8C6B9600E8BFAC /* Info.plist */,
			);
			path = ZTLifeUITests;
			sourceTree = "<group>";
		};
		7B71B9AF1F8C6D4800E8BFAC /* 侧滑 */ = {
			isa = PBXGroup;
			children = (
				7B71B9C31F8C732300E8BFAC /* CyhMenu */,
				7B71B9C71F8C734700E8BFAC /* LeftVc.h */,
				7B71B9C81F8C734700E8BFAC /* LeftVc.m */,
				7B71B9C91F8C734700E8BFAC /* MainVC.h */,
				7B71B9CA1F8C734700E8BFAC /* MainVC.m */,
				7B9B640C1F8CEBA8006D3D2A /* MainVC.xib */,
				7B71B9CB1F8C734700E8BFAC /* MainVC2.h */,
				7B71B9CC1F8C734700E8BFAC /* MainVC2.m */,
				7B71B9CD1F8C734700E8BFAC /* subVC.h */,
				7B71B9CE1F8C734700E8BFAC /* subVC.m */,
				7B71B9CF1F8C734700E8BFAC /* tabBarVc.h */,
				7B71B9D01F8C734700E8BFAC /* tabBarVc.m */,
			);
			path = "侧滑";
			sourceTree = "<group>";
		};
		7B71B9C31F8C732300E8BFAC /* CyhMenu */ = {
			isa = PBXGroup;
			children = (
				7B71B9C41F8C732300E8BFAC /* CyhSliderVC.h */,
				7B71B9C51F8C732300E8BFAC /* CyhSliderVC.m */,
			);
			path = CyhMenu;
			sourceTree = "<group>";
		};
		7BFF993A1F8F039A006F5BA1 /* HCSearch */ = {
			isa = PBXGroup;
			children = (
				7BFF993B1F8F039A006F5BA1 /* LetterGroups */,
				7BFF99401F8F039A006F5BA1 /* PinYinSearchLib */,
			);
			path = HCSearch;
			sourceTree = "<group>";
		};
		7BFF993B1F8F039A006F5BA1 /* LetterGroups */ = {
			isa = PBXGroup;
			children = (
				7BFF993C1F8F039A006F5BA1 /* ChineseString.h */,
				7BFF993D1F8F039A006F5BA1 /* ChineseString.m */,
				7BFF993E1F8F039A006F5BA1 /* pinyin.c */,
				7BFF993F1F8F039A006F5BA1 /* pinyin.h */,
			);
			path = LetterGroups;
			sourceTree = "<group>";
		};
		7BFF99401F8F039A006F5BA1 /* PinYinSearchLib */ = {
			isa = PBXGroup;
			children = (
				7BFF99411F8F039A006F5BA1 /* ChineseInclude.h */,
				7BFF99421F8F039A006F5BA1 /* ChineseInclude.m */,
				7BFF99431F8F039A006F5BA1 /* ChineseToPinyinResource.h */,
				7BFF99441F8F039A006F5BA1 /* ChineseToPinyinResource.m */,
				7BFF99451F8F039A006F5BA1 /* HanyuPinyinOutputFormat.h */,
				7BFF99461F8F039A006F5BA1 /* HanyuPinyinOutputFormat.m */,
				7BFF99471F8F039A006F5BA1 /* NSString+PinYin4Cocoa.h */,
				7BFF99481F8F039A006F5BA1 /* NSString+PinYin4Cocoa.m */,
				7BFF99491F8F039A006F5BA1 /* PinyinFormatter.h */,
				7BFF994A1F8F039A006F5BA1 /* PinyinFormatter.m */,
				7BFF994B1F8F039A006F5BA1 /* PinYinForObjc.h */,
				7BFF994C1F8F039A006F5BA1 /* PinYinForObjc.m */,
				7BFF994D1F8F039A006F5BA1 /* PinyinHelper.h */,
				7BFF994E1F8F039A006F5BA1 /* PinyinHelper.m */,
				7BFF994F1F8F039A006F5BA1 /* unicode_to_hanyu_pinyin.txt */,
				7BFF99501F8F039A006F5BA1 /* ZYPinYinSearch.h */,
				7BFF99511F8F039A006F5BA1 /* ZYPinYinSearch.m */,
			);
			path = PinYinSearchLib;
			sourceTree = "<group>";
		};
		CF091D62648A7DEE6EF6B07F /* Frameworks */ = {
			isa = PBXGroup;
			children = (
				5DCB3B1B3CC0102F09799440 /* libPods-ZTLife.a */,
			);
			name = Frameworks;
			sourceTree = "<group>";
		};
		F8413294BEF1B3416168CF2C /* Pods */ = {
			isa = PBXGroup;
			children = (
				A630D9A2BCCCD6C84B16874B /* Pods-ZTLife.debug.xcconfig */,
				5334E747676160D01013A51D /* Pods-ZTLife.release.xcconfig */,
			);
			name = Pods;
			sourceTree = "<group>";
		};
/* End PBXGroup section */

/* Begin PBXNativeTarget section */
		7B71B9781F8C6B9500E8BFAC /* ZTLife */ = {
			isa = PBXNativeTarget;
			buildConfigurationList = 7B71B9A61F8C6B9600E8BFAC /* Build configuration list for PBXNativeTarget "ZTLife" */;
			buildPhases = (
				2E901EC5082F6B28A8BDEADE /* [CP] Check Pods Manifest.lock */,
				7B71B9751F8C6B9500E8BFAC /* Sources */,
				7B71B9761F8C6B9500E8BFAC /* Frameworks */,
				7B71B9771F8C6B9500E8BFAC /* Resources */,
				2327F22F6F53EF41E95BFD98 /* [CP] Embed Pods Frameworks */,
				A792E20A08A62137071373E4 /* [CP] Copy Pods Resources */,
			);
			buildRules = (
			);
			dependencies = (
			);
			name = ZTLife;
			productName = ZTLife;
			productReference = 7B71B9791F8C6B9500E8BFAC /* ZTLife.app */;
			productType = "com.apple.product-type.application";
		};
		7B71B9911F8C6B9500E8BFAC /* ZTLifeTests */ = {
			isa = PBXNativeTarget;
			buildConfigurationList = 7B71B9A91F8C6B9600E8BFAC /* Build configuration list for PBXNativeTarget "ZTLifeTests" */;
			buildPhases = (
				7B71B98E1F8C6B9500E8BFAC /* Sources */,
				7B71B98F1F8C6B9500E8BFAC /* Frameworks */,
				7B71B9901F8C6B9500E8BFAC /* Resources */,
			);
			buildRules = (
			);
			dependencies = (
				7B71B9941F8C6B9500E8BFAC /* PBXTargetDependency */,
			);
			name = ZTLifeTests;
			productName = ZTLifeTests;
			productReference = 7B71B9921F8C6B9500E8BFAC /* ZTLifeTests.xctest */;
			productType = "com.apple.product-type.bundle.unit-test";
		};
		7B71B99C1F8C6B9600E8BFAC /* ZTLifeUITests */ = {
			isa = PBXNativeTarget;
			buildConfigurationList = 7B71B9AC1F8C6B9600E8BFAC /* Build configuration list for PBXNativeTarget "ZTLifeUITests" */;
			buildPhases = (
				7B71B9991F8C6B9600E8BFAC /* Sources */,
				7B71B99A1F8C6B9600E8BFAC /* Frameworks */,
				7B71B99B1F8C6B9600E8BFAC /* Resources */,
			);
			buildRules = (
			);
			dependencies = (
				7B71B99F1F8C6B9600E8BFAC /* PBXTargetDependency */,
			);
			name = ZTLifeUITests;
			productName = ZTLifeUITests;
			productReference = 7B71B99D1F8C6B9600E8BFAC /* ZTLifeUITests.xctest */;
			productType = "com.apple.product-type.bundle.ui-testing";
		};
/* End PBXNativeTarget section */

/* Begin PBXProject section */
		7B71B9711F8C6B9500E8BFAC /* Project object */ = {
			isa = PBXProject;
			attributes = {
				LastUpgradeCheck = 0830;
				ORGANIZATIONNAME = ZT;
				TargetAttributes = {
					7B71B9781F8C6B9500E8BFAC = {
						CreatedOnToolsVersion = 8.3.2;
						DevelopmentTeam = 2TQWE9ET85;
						ProvisioningStyle = Automatic;
					};
					7B71B9911F8C6B9500E8BFAC = {
						CreatedOnToolsVersion = 8.3.2;
						ProvisioningStyle = Automatic;
						TestTargetID = 7B71B9781F8C6B9500E8BFAC;
					};
					7B71B99C1F8C6B9600E8BFAC = {
						CreatedOnToolsVersion = 8.3.2;
						ProvisioningStyle = Automatic;
						TestTargetID = 7B71B9781F8C6B9500E8BFAC;
					};
				};
			};
			buildConfigurationList = 7B71B9741F8C6B9500E8BFAC /* Build configuration list for PBXProject "ZTLife" */;
			compatibilityVersion = "Xcode 3.2";
			developmentRegion = English;
			hasScannedForEncodings = 0;
			knownRegions = (
				en,
				Base,
			);
			mainGroup = 7B71B9701F8C6B9500E8BFAC;
			productRefGroup = 7B71B97A1F8C6B9500E8BFAC /* Products */;
			projectDirPath = "";
			projectRoot = "";
			targets = (
				7B71B9781F8C6B9500E8BFAC /* ZTLife */,
				7B71B9911F8C6B9500E8BFAC /* ZTLifeTests */,
				7B71B99C1F8C6B9600E8BFAC /* ZTLifeUITests */,
			);
		};
/* End PBXProject section */

/* Begin PBXResourcesBuildPhase section */
		7B71B9771F8C6B9500E8BFAC /* Resources */ = {
			isa = PBXResourcesBuildPhase;
			buildActionMask = 2147483647;
			files = (
				7B1A882E1F8DC929005A93D6 /* RegisterFourController.xib in Resources */,
				7B0F593E1F8CC76600981B9A /* Main.storyboard in Resources */,
				7B1A86541F8DC160005A93D6 /* RegisterOneController.xib in Resources */,
				7B9B640D1F8CEBA8006D3D2A /* MainVC.xib in Resources */,
				7B0F57581F8CB4E400981B9A /* RegisterHeadCell.xib in Resources */,
				7B71B98C1F8C6B9500E8BFAC /* LaunchScreen.storyboard in Resources */,
				7B1A86581F8DC197005A93D6 /* 是@3x.png in Resources */,
				7B1A86571F8DC197005A93D6 /* 否@3x.png in Resources */,
				7B71B9891F8C6B9500E8BFAC /* Assets.xcassets in Resources */,
				7B1A88291F8DC838005A93D6 /* RegisterThreeController.xib in Resources */,
				7B1A881F1F8DC553005A93D6 /* nav_back@2x.png in Resources */,
				7B1A88241F8DC73E005A93D6 /* RegisterTwoController.xib in Resources */,
				7BFF995B1F8F039A006F5BA1 /* unicode_to_hanyu_pinyin.txt in Resources */,
				7B1A88621F8DCBA6005A93D6 /* unicode_to_hanyu_pinyin.txt in Resources */,
				7B1A886F1F8DCDEC005A93D6 /* yj_selected.png in Resources */,
				7B1A88581F8DCBA6005A93D6 /* citydict.plist in Resources */,
				7B0F592B1F8CB99700981B9A /* unLoginVCList.plist in Resources */,
				7B0F574C1F8CB4E400981B9A /* LoginViewController.xib in Resources */,
				7B1A86481F8DC0A5005A93D6 /* image.png in Resources */,
				7B6F177E1F8E090D008B1700 /* timg.jpeg in Resources */,
				7B6F17891F8E1FE4008B1700 /* AddressBookController.xib in Resources */,
				7B1A86491F8DC0A5005A93D6 /* 隐藏密码@2x.png in Resources */,
				7B1A886E1F8DCDEC005A93D6 /* yj_normal.png in Resources */,
				7B1A887A1F8DCE49005A93D6 /* UICustomDatePicker.xib in Resources */,
			);
			runOnlyForDeploymentPostprocessing = 0;
		};
		7B71B9901F8C6B9500E8BFAC /* Resources */ = {
			isa = PBXResourcesBuildPhase;
			buildActionMask = 2147483647;
			files = (
			);
			runOnlyForDeploymentPostprocessing = 0;
		};
		7B71B99B1F8C6B9600E8BFAC /* Resources */ = {
			isa = PBXResourcesBuildPhase;
			buildActionMask = 2147483647;
			files = (
			);
			runOnlyForDeploymentPostprocessing = 0;
		};
/* End PBXResourcesBuildPhase section */

/* Begin PBXShellScriptBuildPhase section */
		2327F22F6F53EF41E95BFD98 /* [CP] Embed Pods Frameworks */ = {
			isa = PBXShellScriptBuildPhase;
			buildActionMask = 2147483647;
			files = (
			);
			inputPaths = (
			);
			name = "[CP] Embed Pods Frameworks";
			outputPaths = (
			);
			runOnlyForDeploymentPostprocessing = 0;
			shellPath = /bin/sh;
			shellScript = "\"${SRCROOT}/Pods/Target Support Files/Pods-ZTLife/Pods-ZTLife-frameworks.sh\"\n";
			showEnvVarsInLog = 0;
		};
		2E901EC5082F6B28A8BDEADE /* [CP] Check Pods Manifest.lock */ = {
			isa = PBXShellScriptBuildPhase;
			buildActionMask = 2147483647;
			files = (
			);
			inputPaths = (
			);
			name = "[CP] Check Pods Manifest.lock";
			outputPaths = (
			);
			runOnlyForDeploymentPostprocessing = 0;
			shellPath = /bin/sh;
			shellScript = "diff \"${PODS_PODFILE_DIR_PATH}/Podfile.lock\" \"${PODS_ROOT}/Manifest.lock\" > /dev/null\nif [ $? != 0 ] ; then\n    # print error to STDERR\n    echo \"error: The sandbox is not in sync with the Podfile.lock. Run 'pod install' or update your CocoaPods installation.\" >&2\n    exit 1\nfi\n";
			showEnvVarsInLog = 0;
		};
		A792E20A08A62137071373E4 /* [CP] Copy Pods Resources */ = {
			isa = PBXShellScriptBuildPhase;
			buildActionMask = 2147483647;
			files = (
			);
			inputPaths = (
			);
			name = "[CP] Copy Pods Resources";
			outputPaths = (
			);
			runOnlyForDeploymentPostprocessing = 0;
			shellPath = /bin/sh;
			shellScript = "\"${SRCROOT}/Pods/Target Support Files/Pods-ZTLife/Pods-ZTLife-resources.sh\"\n";
			showEnvVarsInLog = 0;
		};
/* End PBXShellScriptBuildPhase section */

/* Begin PBXSourcesBuildPhase section */
		7B71B9751F8C6B9500E8BFAC /* Sources */ = {
			isa = PBXSourcesBuildPhase;
			buildActionMask = 2147483647;
			files = (
				7B1A88611F8DCBA6005A93D6 /* PinyinHelper.m in Sources */,
				7B1A88671F8DCD06005A93D6 /* BDImagePicker.m in Sources */,
				7B71B9D31F8C734700E8BFAC /* MainVC2.m in Sources */,
				7B0F59281F8CB99700981B9A /* TTTAttributeLabelView.m in Sources */,
				7B0F593A1F8CBB2800981B9A /* getUUID.m in Sources */,
				7B1A88351F8DC9C9005A93D6 /* HHAlertView.m in Sources */,
				7BFF99541F8F039A006F5BA1 /* ChineseInclude.m in Sources */,
				7B1A88631F8DCBA6005A93D6 /* ZYPinYinSearch.m in Sources */,
				7B0F57201F8CB40500981B9A /* YYRequest.m in Sources */,
				7B0F57571F8CB4E400981B9A /* RegisterHeadCell.m in Sources */,
				7B1A885D1F8DCBA6005A93D6 /* HanyuPinyinOutputFormat.m in Sources */,
				7B1A88701F8DCDEC005A93D6 /* YJSelectionView.m in Sources */,
				7B1A885B1F8DCBA6005A93D6 /* ChineseInclude.m in Sources */,
				7B0F59271F8CB99700981B9A /* Tools.m in Sources */,
				7B0F59291F8CB99700981B9A /* UIImage+Size.m in Sources */,
				7BFF99521F8F039A006F5BA1 /* ChineseString.m in Sources */,
				7B1A88561F8DCBA6005A93D6 /* ButtonGroupView.m in Sources */,
				7B0F592D1F8CB99700981B9A /* ZTKeyBoardManager.m in Sources */,
				7B71B9C61F8C732300E8BFAC /* CyhSliderVC.m in Sources */,
				7B1A86531F8DC160005A93D6 /* RegisterOneController.m in Sources */,
				7B1A88571F8DCBA6005A93D6 /* CityButton.m in Sources */,
				7B1A88231F8DC73E005A93D6 /* RegisterTwoController.m in Sources */,
				7B0F57561F8CB4E400981B9A /* LogindataModel.m in Sources */,
				7B1A885C1F8DCBA6005A93D6 /* ChineseToPinyinResource.m in Sources */,
				7B0F571F1F8CB40500981B9A /* HttpAPIManager.m in Sources */,
				7B71B9841F8C6B9500E8BFAC /* ViewController.m in Sources */,
				7B1A88281F8DC838005A93D6 /* RegisterThreeController.m in Sources */,
				7B1A885E1F8DCBA6005A93D6 /* NSString+PinYin4Cocoa.m in Sources */,
				7B0F59311F8CBAA300981B9A /* RegularTool.m in Sources */,
				7B1A88341F8DC9C9005A93D6 /* AlertViewController.m in Sources */,
				7B0F592C1F8CB99700981B9A /* UserInfoManager.m in Sources */,
				7B1A88591F8DCBA6005A93D6 /* CityItem.m in Sources */,
				7BFF99561F8F039A006F5BA1 /* HanyuPinyinOutputFormat.m in Sources */,
				7BFF995C1F8F039A006F5BA1 /* ZYPinYinSearch.m in Sources */,
				7BFF99591F8F039A006F5BA1 /* PinYinForObjc.m in Sources */,
				7B0F59251F8CB99700981B9A /* EJVerticalButton.m in Sources */,
				7B71B9811F8C6B9500E8BFAC /* AppDelegate.m in Sources */,
				7BFF99571F8F039A006F5BA1 /* NSString+PinYin4Cocoa.m in Sources */,
				7B71B9D21F8C734700E8BFAC /* MainVC.m in Sources */,
				7B71B9D51F8C734700E8BFAC /* tabBarVc.m in Sources */,
				7BFF995F1F8F0602006F5BA1 /* BaseTableView.m in Sources */,
				7B71B9D41F8C734700E8BFAC /* subVC.m in Sources */,
				7B71B97E1F8C6B9500E8BFAC /* main.m in Sources */,
				7B71B9D11F8C734700E8BFAC /* LeftVc.m in Sources */,
				7B1A88391F8DC9D0005A93D6 /* SQCustomButton.m in Sources */,
				7B7C7D101F8D16A800301B48 /* UIButton+TitleImgEdgeInsets.m in Sources */,
				7B6F17881F8E1FE4008B1700 /* AddressBookController.m in Sources */,
				7B0F592A1F8CB99700981B9A /* UIViewExt.m in Sources */,
				7B0F57551F8CB4E400981B9A /* LoginHttpManager.m in Sources */,
				7B0F593B1F8CBB2800981B9A /* KeyChainStore.m in Sources */,
				7BFF995A1F8F039A006F5BA1 /* PinyinHelper.m in Sources */,
				7B1A88601F8DCBA6005A93D6 /* PinYinForObjc.m in Sources */,
				7BFF99531F8F039A006F5BA1 /* pinyin.c in Sources */,
				7BFF99551F8F039A006F5BA1 /* ChineseToPinyinResource.m in Sources */,
				7B0F590E1F8CB90200981B9A /* BaseNavigationController.m in Sources */,
				7B1A88791F8DCE49005A93D6 /* UICustomDatePicker.m in Sources */,
				7B1A864F1F8DC10F005A93D6 /* BaseTabbarController.m in Sources */,
				7B1A882D1F8DC929005A93D6 /* RegisterFourController.m in Sources */,
				7B1A885A1F8DCBA6005A93D6 /* CityListViewController.m in Sources */,
				7BFF99581F8F039A006F5BA1 /* PinyinFormatter.m in Sources */,
				7B0F574B1F8CB4E400981B9A /* LoginViewController.m in Sources */,
				7B1A885F1F8DCBA6005A93D6 /* PinyinFormatter.m in Sources */,
				7B1A864C1F8DC0CC005A93D6 /* PushManager.m in Sources */,
				7B0F590B1F8CB77B00981B9A /* BaseViewController.m in Sources */,
			);
			runOnlyForDeploymentPostprocessing = 0;
		};
		7B71B98E1F8C6B9500E8BFAC /* Sources */ = {
			isa = PBXSourcesBuildPhase;
			buildActionMask = 2147483647;
			files = (
				7B71B9971F8C6B9500E8BFAC /* ZTLifeTests.m in Sources */,
			);
			runOnlyForDeploymentPostprocessing = 0;
		};
		7B71B9991F8C6B9600E8BFAC /* Sources */ = {
			isa = PBXSourcesBuildPhase;
			buildActionMask = 2147483647;
			files = (
				7B71B9A21F8C6B9600E8BFAC /* ZTLifeUITests.m in Sources */,
			);
			runOnlyForDeploymentPostprocessing = 0;
		};
/* End PBXSourcesBuildPhase section */

/* Begin PBXTargetDependency section */
		7B71B9941F8C6B9500E8BFAC /* PBXTargetDependency */ = {
			isa = PBXTargetDependency;
			target = 7B71B9781F8C6B9500E8BFAC /* ZTLife */;
			targetProxy = 7B71B9931F8C6B9500E8BFAC /* PBXContainerItemProxy */;
		};
		7B71B99F1F8C6B9600E8BFAC /* PBXTargetDependency */ = {
			isa = PBXTargetDependency;
			target = 7B71B9781F8C6B9500E8BFAC /* ZTLife */;
			targetProxy = 7B71B99E1F8C6B9600E8BFAC /* PBXContainerItemProxy */;
		};
/* End PBXTargetDependency section */

/* Begin PBXVariantGroup section */
		7B0F593C1F8CC76600981B9A /* Main.storyboard */ = {
			isa = PBXVariantGroup;
			children = (
				7B0F593D1F8CC76600981B9A /* Base */,
			);
			name = Main.storyboard;
			sourceTree = "<group>";
		};
		7B71B98A1F8C6B9500E8BFAC /* LaunchScreen.storyboard */ = {
			isa = PBXVariantGroup;
			children = (
				7B71B98B1F8C6B9500E8BFAC /* Base */,
			);
			name = LaunchScreen.storyboard;
			sourceTree = "<group>";
		};
/* End PBXVariantGroup section */

/* Begin XCBuildConfiguration section */
		7B71B9A41F8C6B9600E8BFAC /* Debug */ = {
			isa = XCBuildConfiguration;
			buildSettings = {
				ALWAYS_SEARCH_USER_PATHS = NO;
				CLANG_ANALYZER_NONNULL = YES;
				CLANG_ANALYZER_NUMBER_OBJECT_CONVERSION = YES_AGGRESSIVE;
				CLANG_CXX_LANGUAGE_STANDARD = "gnu++0x";
				CLANG_CXX_LIBRARY = "libc++";
				CLANG_ENABLE_MODULES = YES;
				CLANG_ENABLE_OBJC_ARC = YES;
				CLANG_WARN_BOOL_CONVERSION = YES;
				CLANG_WARN_CONSTANT_CONVERSION = YES;
				CLANG_WARN_DIRECT_OBJC_ISA_USAGE = YES_ERROR;
				CLANG_WARN_DOCUMENTATION_COMMENTS = YES;
				CLANG_WARN_EMPTY_BODY = YES;
				CLANG_WARN_ENUM_CONVERSION = YES;
				CLANG_WARN_INFINITE_RECURSION = YES;
				CLANG_WARN_INT_CONVERSION = YES;
				CLANG_WARN_OBJC_ROOT_CLASS = YES_ERROR;
				CLANG_WARN_SUSPICIOUS_MOVE = YES;
				CLANG_WARN_UNREACHABLE_CODE = YES;
				CLANG_WARN__DUPLICATE_METHOD_MATCH = YES;
				"CODE_SIGN_IDENTITY[sdk=iphoneos*]" = "iPhone Developer";
				COPY_PHASE_STRIP = NO;
				DEBUG_INFORMATION_FORMAT = dwarf;
				ENABLE_STRICT_OBJC_MSGSEND = YES;
				ENABLE_TESTABILITY = YES;
				GCC_C_LANGUAGE_STANDARD = gnu99;
				GCC_DYNAMIC_NO_PIC = NO;
				GCC_NO_COMMON_BLOCKS = YES;
				GCC_OPTIMIZATION_LEVEL = 0;
				GCC_PREPROCESSOR_DEFINITIONS = (
					"DEBUG=1",
					"$(inherited)",
				);
				GCC_WARN_64_TO_32_BIT_CONVERSION = YES;
				GCC_WARN_ABOUT_RETURN_TYPE = YES_ERROR;
				GCC_WARN_UNDECLARED_SELECTOR = YES;
				GCC_WARN_UNINITIALIZED_AUTOS = YES_AGGRESSIVE;
				GCC_WARN_UNUSED_FUNCTION = YES;
				GCC_WARN_UNUSED_VARIABLE = YES;
				IPHONEOS_DEPLOYMENT_TARGET = 10.3;
				MTL_ENABLE_DEBUG_INFO = YES;
				ONLY_ACTIVE_ARCH = YES;
				SDKROOT = iphoneos;
			};
			name = Debug;
		};
		7B71B9A51F8C6B9600E8BFAC /* Release */ = {
			isa = XCBuildConfiguration;
			buildSettings = {
				ALWAYS_SEARCH_USER_PATHS = NO;
				CLANG_ANALYZER_NONNULL = YES;
				CLANG_ANALYZER_NUMBER_OBJECT_CONVERSION = YES_AGGRESSIVE;
				CLANG_CXX_LANGUAGE_STANDARD = "gnu++0x";
				CLANG_CXX_LIBRARY = "libc++";
				CLANG_ENABLE_MODULES = YES;
				CLANG_ENABLE_OBJC_ARC = YES;
				CLANG_WARN_BOOL_CONVERSION = YES;
				CLANG_WARN_CONSTANT_CONVERSION = YES;
				CLANG_WARN_DIRECT_OBJC_ISA_USAGE = YES_ERROR;
				CLANG_WARN_DOCUMENTATION_COMMENTS = YES;
				CLANG_WARN_EMPTY_BODY = YES;
				CLANG_WARN_ENUM_CONVERSION = YES;
				CLANG_WARN_INFINITE_RECURSION = YES;
				CLANG_WARN_INT_CONVERSION = YES;
				CLANG_WARN_OBJC_ROOT_CLASS = YES_ERROR;
				CLANG_WARN_SUSPICIOUS_MOVE = YES;
				CLANG_WARN_UNREACHABLE_CODE = YES;
				CLANG_WARN__DUPLICATE_METHOD_MATCH = YES;
				"CODE_SIGN_IDENTITY[sdk=iphoneos*]" = "iPhone Developer";
				COPY_PHASE_STRIP = NO;
				DEBUG_INFORMATION_FORMAT = "dwarf-with-dsym";
				ENABLE_NS_ASSERTIONS = NO;
				ENABLE_STRICT_OBJC_MSGSEND = YES;
				GCC_C_LANGUAGE_STANDARD = gnu99;
				GCC_NO_COMMON_BLOCKS = YES;
				GCC_WARN_64_TO_32_BIT_CONVERSION = YES;
				GCC_WARN_ABOUT_RETURN_TYPE = YES_ERROR;
				GCC_WARN_UNDECLARED_SELECTOR = YES;
				GCC_WARN_UNINITIALIZED_AUTOS = YES_AGGRESSIVE;
				GCC_WARN_UNUSED_FUNCTION = YES;
				GCC_WARN_UNUSED_VARIABLE = YES;
				IPHONEOS_DEPLOYMENT_TARGET = 10.3;
				MTL_ENABLE_DEBUG_INFO = NO;
				SDKROOT = iphoneos;
				VALIDATE_PRODUCT = YES;
			};
			name = Release;
		};
		7B71B9A71F8C6B9600E8BFAC /* Debug */ = {
			isa = XCBuildConfiguration;
			baseConfigurationReference = A630D9A2BCCCD6C84B16874B /* Pods-ZTLife.debug.xcconfig */;
			buildSettings = {
				ASSETCATALOG_COMPILER_APPICON_NAME = AppIcon;
				DEVELOPMENT_TEAM = 2TQWE9ET85;
				GCC_PRECOMPILE_PREFIX_HEADER = YES;
				GCC_PREFIX_HEADER = ZTLife/PrefixHeader.pch;
				INFOPLIST_FILE = ZTLife/Info.plist;
				IPHONEOS_DEPLOYMENT_TARGET = 9.1;
				LD_RUNPATH_SEARCH_PATHS = "$(inherited) @executable_path/Frameworks";
				LIBRARY_SEARCH_PATHS = (
					"$(inherited)",
					"$(PROJECT_DIR)/ZTLife/Lib/EaseUI/EMUIKit/3rdparty/DeviceHelper/VoiceConvert/opencore-amrnb",
					"$(PROJECT_DIR)/ZTLife/Lib/EaseUI/EMUIKit/3rdparty/DeviceHelper/VoiceConvert/opencore-amrwb",
				);
				PRODUCT_BUNDLE_IDENTIFIER = com.zt..ZTLife;
				PRODUCT_NAME = "$(TARGET_NAME)";
			};
			name = Debug;
		};
		7B71B9A81F8C6B9600E8BFAC /* Release */ = {
			isa = XCBuildConfiguration;
			baseConfigurationReference = 5334E747676160D01013A51D /* Pods-ZTLife.release.xcconfig */;
			buildSettings = {
				ASSETCATALOG_COMPILER_APPICON_NAME = AppIcon;
				DEVELOPMENT_TEAM = 2TQWE9ET85;
				GCC_PRECOMPILE_PREFIX_HEADER = YES;
				GCC_PREFIX_HEADER = ZTLife/PrefixHeader.pch;
				INFOPLIST_FILE = ZTLife/Info.plist;
				IPHONEOS_DEPLOYMENT_TARGET = 9.1;
				LD_RUNPATH_SEARCH_PATHS = "$(inherited) @executable_path/Frameworks";
				LIBRARY_SEARCH_PATHS = (
					"$(inherited)",
					"$(PROJECT_DIR)/ZTLife/Lib/EaseUI/EMUIKit/3rdparty/DeviceHelper/VoiceConvert/opencore-amrnb",
					"$(PROJECT_DIR)/ZTLife/Lib/EaseUI/EMUIKit/3rdparty/DeviceHelper/VoiceConvert/opencore-amrwb",
				);
				PRODUCT_BUNDLE_IDENTIFIER = com.zt..ZTLife;
				PRODUCT_NAME = "$(TARGET_NAME)";
			};
			name = Release;
		};
		7B71B9AA1F8C6B9600E8BFAC /* Debug */ = {
			isa = XCBuildConfiguration;
			buildSettings = {
				BUNDLE_LOADER = "$(TEST_HOST)";
				INFOPLIST_FILE = ZTLifeTests/Info.plist;
				LD_RUNPATH_SEARCH_PATHS = "$(inherited) @executable_path/Frameworks @loader_path/Frameworks";
				PRODUCT_BUNDLE_IDENTIFIER = com.zt..ZTLifeTests;
				PRODUCT_NAME = "$(TARGET_NAME)";
				TEST_HOST = "$(BUILT_PRODUCTS_DIR)/ZTLife.app/ZTLife";
			};
			name = Debug;
		};
		7B71B9AB1F8C6B9600E8BFAC /* Release */ = {
			isa = XCBuildConfiguration;
			buildSettings = {
				BUNDLE_LOADER = "$(TEST_HOST)";
				INFOPLIST_FILE = ZTLifeTests/Info.plist;
				LD_RUNPATH_SEARCH_PATHS = "$(inherited) @executable_path/Frameworks @loader_path/Frameworks";
				PRODUCT_BUNDLE_IDENTIFIER = com.zt..ZTLifeTests;
				PRODUCT_NAME = "$(TARGET_NAME)";
				TEST_HOST = "$(BUILT_PRODUCTS_DIR)/ZTLife.app/ZTLife";
			};
			name = Release;
		};
		7B71B9AD1F8C6B9600E8BFAC /* Debug */ = {
			isa = XCBuildConfiguration;
			buildSettings = {
				INFOPLIST_FILE = ZTLifeUITests/Info.plist;
				LD_RUNPATH_SEARCH_PATHS = "$(inherited) @executable_path/Frameworks @loader_path/Frameworks";
				PRODUCT_BUNDLE_IDENTIFIER = com.zt..ZTLifeUITests;
				PRODUCT_NAME = "$(TARGET_NAME)";
				TEST_TARGET_NAME = ZTLife;
			};
			name = Debug;
		};
		7B71B9AE1F8C6B9600E8BFAC /* Release */ = {
			isa = XCBuildConfiguration;
			buildSettings = {
				INFOPLIST_FILE = ZTLifeUITests/Info.plist;
				LD_RUNPATH_SEARCH_PATHS = "$(inherited) @executable_path/Frameworks @loader_path/Frameworks";
				PRODUCT_BUNDLE_IDENTIFIER = com.zt..ZTLifeUITests;
				PRODUCT_NAME = "$(TARGET_NAME)";
				TEST_TARGET_NAME = ZTLife;
			};
			name = Release;
		};
/* End XCBuildConfiguration section */

/* Begin XCConfigurationList section */
		7B71B9741F8C6B9500E8BFAC /* Build configuration list for PBXProject "ZTLife" */ = {
			isa = XCConfigurationList;
			buildConfigurations = (
				7B71B9A41F8C6B9600E8BFAC /* Debug */,
				7B71B9A51F8C6B9600E8BFAC /* Release */,
			);
			defaultConfigurationIsVisible = 0;
			defaultConfigurationName = Release;
		};
		7B71B9A61F8C6B9600E8BFAC /* Build configuration list for PBXNativeTarget "ZTLife" */ = {
			isa = XCConfigurationList;
			buildConfigurations = (
				7B71B9A71F8C6B9600E8BFAC /* Debug */,
				7B71B9A81F8C6B9600E8BFAC /* Release */,
			);
			defaultConfigurationIsVisible = 0;
			defaultConfigurationName = Release;
		};
		7B71B9A91F8C6B9600E8BFAC /* Build configuration list for PBXNativeTarget "ZTLifeTests" */ = {
			isa = XCConfigurationList;
			buildConfigurations = (
				7B71B9AA1F8C6B9600E8BFAC /* Debug */,
				7B71B9AB1F8C6B9600E8BFAC /* Release */,
			);
			defaultConfigurationIsVisible = 0;
			defaultConfigurationName = Release;
		};
		7B71B9AC1F8C6B9600E8BFAC /* Build configuration list for PBXNativeTarget "ZTLifeUITests" */ = {
			isa = XCConfigurationList;
			buildConfigurations = (
				7B71B9AD1F8C6B9600E8BFAC /* Debug */,
				7B71B9AE1F8C6B9600E8BFAC /* Release */,
			);
			defaultConfigurationIsVisible = 0;
			defaultConfigurationName = Release;
		};
/* End XCConfigurationList section */
	};
	rootObject = 7B71B9711F8C6B9500E8BFAC /* Project object */;
}
